// !$*UTF8*$!
{
	archiveVersion = 1;
	classes = {
	};
	objectVersion = 46;
	objects = {

/* Begin PBXBuildFile section */
		8459511E1C09934800F6466F /* main.m in Sources */ = {isa = PBXBuildFile; fileRef = 8459511D1C09934800F6466F /* main.m */; };
		845951211C09934800F6466F /* AppDelegate.m in Sources */ = {isa = PBXBuildFile; fileRef = 845951201C09934800F6466F /* AppDelegate.m */; };
		845951241C09934800F6466F /* ViewController.m in Sources */ = {isa = PBXBuildFile; fileRef = 845951231C09934800F6466F /* ViewController.m */; };
		845951271C09934800F6466F /* Main.storyboard in Resources */ = {isa = PBXBuildFile; fileRef = 845951251C09934800F6466F /* Main.storyboard */; };
		845951291C09934800F6466F /* Images.xcassets in Resources */ = {isa = PBXBuildFile; fileRef = 845951281C09934800F6466F /* Images.xcassets */; };
		8459512C1C09934800F6466F /* LaunchScreen.xib in Resources */ = {isa = PBXBuildFile; fileRef = 8459512A1C09934800F6466F /* LaunchScreen.xib */; };
		845951381C09934800F6466F /* UITableView_groupsTests.m in Sources */ = {isa = PBXBuildFile; fileRef = 845951371C09934800F6466F /* UITableView_groupsTests.m */; };
		845951DE1C09937B00F6466F /* image_圣斗士.plist in Resources */ = {isa = PBXBuildFile; fileRef = 845951421C09937B00F6466F /* image_圣斗士.plist */; };
		845951DF1C09937B00F6466F /* image_海贼.plist in Resources */ = {isa = PBXBuildFile; fileRef = 845951431C09937B00F6466F /* image_海贼.plist */; };
		845951E01C09937B00F6466F /* image_火影忍者.plist in Resources */ = {isa = PBXBuildFile; fileRef = 845951441C09937B00F6466F /* image_火影忍者.plist */; };
		845951E11C09937B00F6466F /* image_美女.plist in Resources */ = {isa = PBXBuildFile; fileRef = 845951451C09937B00F6466F /* image_美女.plist */; };
		845951E21C09937B00F6466F /* 圣斗士01.jpg in Resources */ = {isa = PBXBuildFile; fileRef = 845951471C09937B00F6466F /* 圣斗士01.jpg */; };
		845951E31C09937B00F6466F /* 圣斗士02.jpg in Resources */ = {isa = PBXBuildFile; fileRef = 845951481C09937B00F6466F /* 圣斗士02.jpg */; };
		845951E41C09937B00F6466F /* 圣斗士03.jpg in Resources */ = {isa = PBXBuildFile; fileRef = 845951491C09937B00F6466F /* 圣斗士03.jpg */; };
		845951E51C09937B00F6466F /* 圣斗士04.jpg in Resources */ = {isa = PBXBuildFile; fileRef = 8459514A1C09937B00F6466F /* 圣斗士04.jpg */; };
		845951E61C09937B00F6466F /* 圣斗士05.jpg in Resources */ = {isa = PBXBuildFile; fileRef = 8459514B1C09937B00F6466F /* 圣斗士05.jpg */; };
		845951E71C09937B00F6466F /* 圣斗士06.jpg in Resources */ = {isa = PBXBuildFile; fileRef = 8459514C1C09937B00F6466F /* 圣斗士06.jpg */; };
		845951E81C09937B00F6466F /* 圣斗士07.jpg in Resources */ = {isa = PBXBuildFile; fileRef = 8459514D1C09937B00F6466F /* 圣斗士07.jpg */; };
		845951E91C09937B00F6466F /* 圣斗士08.jpg in Resources */ = {isa = PBXBuildFile; fileRef = 8459514E1C09937B00F6466F /* 圣斗士08.jpg */; };
		845951EA1C09937B00F6466F /* 圣斗士09.jpg in Resources */ = {isa = PBXBuildFile; fileRef = 8459514F1C09937B00F6466F /* 圣斗士09.jpg */; };
		845951EB1C09937B00F6466F /* 圣斗士10.jpg in Resources */ = {isa = PBXBuildFile; fileRef = 845951501C09937B00F6466F /* 圣斗士10.jpg */; };
		845951EC1C09937B00F6466F /* 圣斗士11.jpg in Resources */ = {isa = PBXBuildFile; fileRef = 845951511C09937B00F6466F /* 圣斗士11.jpg */; };
		845951ED1C09937B00F6466F /* 圣斗士12.jpg in Resources */ = {isa = PBXBuildFile; fileRef = 845951521C09937B00F6466F /* 圣斗士12.jpg */; };
		845951EE1C09937B00F6466F /* 圣斗士13.jpg in Resources */ = {isa = PBXBuildFile; fileRef = 845951531C09937B00F6466F /* 圣斗士13.jpg */; };
		845951EF1C09937B00F6466F /* 圣斗士14.jpg in Resources */ = {isa = PBXBuildFile; fileRef = 845951541C09937B00F6466F /* 圣斗士14.jpg */; };
		845951F01C09937B00F6466F /* 圣斗士15.jpg in Resources */ = {isa = PBXBuildFile; fileRef = 845951551C09937B00F6466F /* 圣斗士15.jpg */; };
		845951F11C09937B00F6466F /* 海贼01.jpg in Resources */ = {isa = PBXBuildFile; fileRef = 845951571C09937B00F6466F /* 海贼01.jpg */; };
		845951F21C09937B00F6466F /* 海贼02.jpg in Resources */ = {isa = PBXBuildFile; fileRef = 845951581C09937B00F6466F /* 海贼02.jpg */; };
		845951F31C09937B00F6466F /* 海贼03.jpg in Resources */ = {isa = PBXBuildFile; fileRef = 845951591C09937B00F6466F /* 海贼03.jpg */; };
		845951F41C09937B00F6466F /* 海贼04.jpg in Resources */ = {isa = PBXBuildFile; fileRef = 8459515A1C09937B00F6466F /* 海贼04.jpg */; };
		845951F51C09937B00F6466F /* 海贼05.jpg in Resources */ = {isa = PBXBuildFile; fileRef = 8459515B1C09937B00F6466F /* 海贼05.jpg */; };
		845951F61C09937B00F6466F /* 海贼06.jpg in Resources */ = {isa = PBXBuildFile; fileRef = 8459515C1C09937B00F6466F /* 海贼06.jpg */; };
		845951F71C09937B00F6466F /* 海贼07.jpg in Resources */ = {isa = PBXBuildFile; fileRef = 8459515D1C09937B00F6466F /* 海贼07.jpg */; };
		845951F81C09937B00F6466F /* 海贼08.jpg in Resources */ = {isa = PBXBuildFile; fileRef = 8459515E1C09937B00F6466F /* 海贼08.jpg */; };
		845951F91C09937B00F6466F /* 海贼09.jpg in Resources */ = {isa = PBXBuildFile; fileRef = 8459515F1C09937B00F6466F /* 海贼09.jpg */; };
		845951FA1C09937B00F6466F /* 海贼10.jpg in Resources */ = {isa = PBXBuildFile; fileRef = 845951601C09937B00F6466F /* 海贼10.jpg */; };
		845951FB1C09937B00F6466F /* 海贼11.jpg in Resources */ = {isa = PBXBuildFile; fileRef = 845951611C09937B00F6466F /* 海贼11.jpg */; };
		845951FC1C09937B00F6466F /* 海贼12.jpg in Resources */ = {isa = PBXBuildFile; fileRef = 845951621C09937B00F6466F /* 海贼12.jpg */; };
		845951FD1C09937B00F6466F /* 海贼13.jpg in Resources */ = {isa = PBXBuildFile; fileRef = 845951631C09937B00F6466F /* 海贼13.jpg */; };
		845951FE1C09937B00F6466F /* 海贼14.jpg in Resources */ = {isa = PBXBuildFile; fileRef = 845951641C09937B00F6466F /* 海贼14.jpg */; };
		845951FF1C09937B00F6466F /* 海贼15.jpg in Resources */ = {isa = PBXBuildFile; fileRef = 845951651C09937B00F6466F /* 海贼15.jpg */; };
		845952001C09937B00F6466F /* 海贼16.jpg in Resources */ = {isa = PBXBuildFile; fileRef = 845951661C09937B00F6466F /* 海贼16.jpg */; };
		845952011C09937B00F6466F /* 海贼17.jpg in Resources */ = {isa = PBXBuildFile; fileRef = 845951671C09937B00F6466F /* 海贼17.jpg */; };
		845952021C09937B00F6466F /* 海贼18.jpg in Resources */ = {isa = PBXBuildFile; fileRef = 845951681C09937B00F6466F /* 海贼18.jpg */; };
		845952031C09937B00F6466F /* 海贼19.jpg in Resources */ = {isa = PBXBuildFile; fileRef = 845951691C09937B00F6466F /* 海贼19.jpg */; };
		845952041C09937B00F6466F /* 海贼20.jpg in Resources */ = {isa = PBXBuildFile; fileRef = 8459516A1C09937B00F6466F /* 海贼20.jpg */; };
		845952051C09937B00F6466F /* 海贼21.jpg in Resources */ = {isa = PBXBuildFile; fileRef = 8459516B1C09937B00F6466F /* 海贼21.jpg */; };
		845952061C09937B00F6466F /* 海贼22.jpg in Resources */ = {isa = PBXBuildFile; fileRef = 8459516C1C09937B00F6466F /* 海贼22.jpg */; };
		845952071C09937B00F6466F /* 海贼23.jpg in Resources */ = {isa = PBXBuildFile; fileRef = 8459516D1C09937B00F6466F /* 海贼23.jpg */; };
		845952081C09937B00F6466F /* 海贼24.jpg in Resources */ = {isa = PBXBuildFile; fileRef = 8459516E1C09937B00F6466F /* 海贼24.jpg */; };
		845952091C09937B00F6466F /* 海贼25.jpg in Resources */ = {isa = PBXBuildFile; fileRef = 8459516F1C09937B00F6466F /* 海贼25.jpg */; };
		8459520A1C09937B00F6466F /* 海贼26.jpg in Resources */ = {isa = PBXBuildFile; fileRef = 845951701C09937B00F6466F /* 海贼26.jpg */; };
		8459520B1C09937B00F6466F /* 海贼27.jpg in Resources */ = {isa = PBXBuildFile; fileRef = 845951711C09937B00F6466F /* 海贼27.jpg */; };
		8459520C1C09937B00F6466F /* 海贼28.jpg in Resources */ = {isa = PBXBuildFile; fileRef = 845951721C09937B00F6466F /* 海贼28.jpg */; };
		8459520D1C09937B00F6466F /* 海贼29.jpg in Resources */ = {isa = PBXBuildFile; fileRef = 845951731C09937B00F6466F /* 海贼29.jpg */; };
		8459520E1C09937B00F6466F /* 海贼30.jpg in Resources */ = {isa = PBXBuildFile; fileRef = 845951741C09937B00F6466F /* 海贼30.jpg */; };
		8459520F1C09937B00F6466F /* 海贼31.jpg in Resources */ = {isa = PBXBuildFile; fileRef = 845951751C09937B00F6466F /* 海贼31.jpg */; };
		845952101C09937B00F6466F /* 海贼32.jpg in Resources */ = {isa = PBXBuildFile; fileRef = 845951761C09937B00F6466F /* 海贼32.jpg */; };
		845952111C09937B00F6466F /* 海贼33.jpg in Resources */ = {isa = PBXBuildFile; fileRef = 845951771C09937B00F6466F /* 海贼33.jpg */; };
		845952121C09937B00F6466F /* 海贼34.jpg in Resources */ = {isa = PBXBuildFile; fileRef = 845951781C09937B00F6466F /* 海贼34.jpg */; };
		845952131C09937B00F6466F /* 海贼35.jpg in Resources */ = {isa = PBXBuildFile; fileRef = 845951791C09937B00F6466F /* 海贼35.jpg */; };
		845952141C09937B00F6466F /* 海贼36.jpg in Resources */ = {isa = PBXBuildFile; fileRef = 8459517A1C09937B00F6466F /* 海贼36.jpg */; };
		845952151C09937B00F6466F /* 海贼37.jpg in Resources */ = {isa = PBXBuildFile; fileRef = 8459517B1C09937B00F6466F /* 海贼37.jpg */; };
		845952161C09937B00F6466F /* 海贼38.jpg in Resources */ = {isa = PBXBuildFile; fileRef = 8459517C1C09937B00F6466F /* 海贼38.jpg */; };
		845952171C09937B00F6466F /* 海贼39.jpg in Resources */ = {isa = PBXBuildFile; fileRef = 8459517D1C09937B00F6466F /* 海贼39.jpg */; };
		845952181C09937B00F6466F /* 海贼40.jpg in Resources */ = {isa = PBXBuildFile; fileRef = 8459517E1C09937B00F6466F /* 海贼40.jpg */; };
		845952191C09937B00F6466F /* 海贼41.jpg in Resources */ = {isa = PBXBuildFile; fileRef = 8459517F1C09937B00F6466F /* 海贼41.jpg */; };
		8459521A1C09937B00F6466F /* 海贼42.jpg in Resources */ = {isa = PBXBuildFile; fileRef = 845951801C09937B00F6466F /* 海贼42.jpg */; };
		8459521B1C09937B00F6466F /* 海贼43.jpg in Resources */ = {isa = PBXBuildFile; fileRef = 845951811C09937B00F6466F /* 海贼43.jpg */; };
		8459521C1C09937B00F6466F /* 海贼44.jpg in Resources */ = {isa = PBXBuildFile; fileRef = 845951821C09937B00F6466F /* 海贼44.jpg */; };
		8459521D1C09937B00F6466F /* 海贼45.jpg in Resources */ = {isa = PBXBuildFile; fileRef = 845951831C09937B00F6466F /* 海贼45.jpg */; };
		8459521E1C09937B00F6466F /* 海贼46.jpg in Resources */ = {isa = PBXBuildFile; fileRef = 845951841C09937B00F6466F /* 海贼46.jpg */; };
		8459521F1C09937B00F6466F /* 海贼47.jpg in Resources */ = {isa = PBXBuildFile; fileRef = 845951851C09937B00F6466F /* 海贼47.jpg */; };
		845952201C09937B00F6466F /* 海贼48.jpg in Resources */ = {isa = PBXBuildFile; fileRef = 845951861C09937B00F6466F /* 海贼48.jpg */; };
		845952211C09937B00F6466F /* 海贼49.jpg in Resources */ = {isa = PBXBuildFile; fileRef = 845951871C09937B00F6466F /* 海贼49.jpg */; };
		845952221C09937B00F6466F /* 海贼50.jpg in Resources */ = {isa = PBXBuildFile; fileRef = 845951881C09937B00F6466F /* 海贼50.jpg */; };
		845952231C09937B00F6466F /* 海贼51.jpg in Resources */ = {isa = PBXBuildFile; fileRef = 845951891C09937B00F6466F /* 海贼51.jpg */; };
		845952241C09937B00F6466F /* 海贼52.jpg in Resources */ = {isa = PBXBuildFile; fileRef = 8459518A1C09937B00F6466F /* 海贼52.jpg */; };
		845952251C09937B00F6466F /* 海贼53.jpg in Resources */ = {isa = PBXBuildFile; fileRef = 8459518B1C09937B00F6466F /* 海贼53.jpg */; };
		845952261C09937B00F6466F /* 海贼54.jpg in Resources */ = {isa = PBXBuildFile; fileRef = 8459518C1C09937B00F6466F /* 海贼54.jpg */; };
		845952271C09937B00F6466F /* 火影01.png in Resources */ = {isa = PBXBuildFile; fileRef = 8459518E1C09937B00F6466F /* 火影01.png */; };
		845952281C09937B00F6466F /* 火影02.png in Resources */ = {isa = PBXBuildFile; fileRef = 8459518F1C09937B00F6466F /* 火影02.png */; };
		845952291C09937B00F6466F /* 火影03.png in Resources */ = {isa = PBXBuildFile; fileRef = 845951901C09937B00F6466F /* 火影03.png */; };
		8459522A1C09937B00F6466F /* 火影04.png in Resources */ = {isa = PBXBuildFile; fileRef = 845951911C09937B00F6466F /* 火影04.png */; };
		8459522B1C09937B00F6466F /* 火影05.png in Resources */ = {isa = PBXBuildFile; fileRef = 845951921C09937B00F6466F /* 火影05.png */; };
		8459522C1C09937B00F6466F /* 火影06.png in Resources */ = {isa = PBXBuildFile; fileRef = 845951931C09937B00F6466F /* 火影06.png */; };
		8459522D1C09937B00F6466F /* 火影07.png in Resources */ = {isa = PBXBuildFile; fileRef = 845951941C09937B00F6466F /* 火影07.png */; };
		8459522E1C09937B00F6466F /* 火影08.png in Resources */ = {isa = PBXBuildFile; fileRef = 845951951C09937B00F6466F /* 火影08.png */; };
		8459522F1C09937B00F6466F /* 火影09.png in Resources */ = {isa = PBXBuildFile; fileRef = 845951961C09937B00F6466F /* 火影09.png */; };
		845952301C09937B00F6466F /* 火影10.png in Resources */ = {isa = PBXBuildFile; fileRef = 845951971C09937B00F6466F /* 火影10.png */; };
		845952311C09937B00F6466F /* 火影11.png in Resources */ = {isa = PBXBuildFile; fileRef = 845951981C09937B00F6466F /* 火影11.png */; };
		845952321C09937B00F6466F /* 火影12.png in Resources */ = {isa = PBXBuildFile; fileRef = 845951991C09937B00F6466F /* 火影12.png */; };
		845952331C09937B00F6466F /* 火影13.png in Resources */ = {isa = PBXBuildFile; fileRef = 8459519A1C09937B00F6466F /* 火影13.png */; };
		845952341C09937B00F6466F /* 火影14.png in Resources */ = {isa = PBXBuildFile; fileRef = 8459519B1C09937B00F6466F /* 火影14.png */; };
		845952351C09937B00F6466F /* 火影15.png in Resources */ = {isa = PBXBuildFile; fileRef = 8459519C1C09937B00F6466F /* 火影15.png */; };
		845952361C09937B00F6466F /* 火影16.png in Resources */ = {isa = PBXBuildFile; fileRef = 8459519D1C09937B00F6466F /* 火影16.png */; };
		845952371C09937B00F6466F /* 火影17.png in Resources */ = {isa = PBXBuildFile; fileRef = 8459519E1C09937B00F6466F /* 火影17.png */; };
		845952381C09937B00F6466F /* 火影18.png in Resources */ = {isa = PBXBuildFile; fileRef = 8459519F1C09937B00F6466F /* 火影18.png */; };
		845952391C09937B00F6466F /* 火影19.png in Resources */ = {isa = PBXBuildFile; fileRef = 845951A01C09937B00F6466F /* 火影19.png */; };
		8459523A1C09937B00F6466F /* 火影20.png in Resources */ = {isa = PBXBuildFile; fileRef = 845951A11C09937B00F6466F /* 火影20.png */; };
		8459523B1C09937B00F6466F /* 火影21.png in Resources */ = {isa = PBXBuildFile; fileRef = 845951A21C09937B00F6466F /* 火影21.png */; };
		8459523C1C09937B00F6466F /* 火影22.png in Resources */ = {isa = PBXBuildFile; fileRef = 845951A31C09937B00F6466F /* 火影22.png */; };
		8459523D1C09937B00F6466F /* 火影23.png in Resources */ = {isa = PBXBuildFile; fileRef = 845951A41C09937B00F6466F /* 火影23.png */; };
		8459523E1C09937B00F6466F /* 火影24.png in Resources */ = {isa = PBXBuildFile; fileRef = 845951A51C09937B00F6466F /* 火影24.png */; };
		8459523F1C09937B00F6466F /* 火影25.png in Resources */ = {isa = PBXBuildFile; fileRef = 845951A61C09937B00F6466F /* 火影25.png */; };
		845952401C09937B00F6466F /* 火影26.png in Resources */ = {isa = PBXBuildFile; fileRef = 845951A71C09937B00F6466F /* 火影26.png */; };
		845952411C09937B00F6466F /* 火影27.png in Resources */ = {isa = PBXBuildFile; fileRef = 845951A81C09937B00F6466F /* 火影27.png */; };
		845952421C09937B00F6466F /* 火影28.png in Resources */ = {isa = PBXBuildFile; fileRef = 845951A91C09937B00F6466F /* 火影28.png */; };
		845952431C09937B00F6466F /* 火影29.png in Resources */ = {isa = PBXBuildFile; fileRef = 845951AA1C09937B00F6466F /* 火影29.png */; };
		845952441C09937B00F6466F /* 火影30.png in Resources */ = {isa = PBXBuildFile; fileRef = 845951AB1C09937B00F6466F /* 火影30.png */; };
		845952451C09937B00F6466F /* 火影31.png in Resources */ = {isa = PBXBuildFile; fileRef = 845951AC1C09937B00F6466F /* 火影31.png */; };
		845952461C09937B00F6466F /* 火影32.png in Resources */ = {isa = PBXBuildFile; fileRef = 845951AD1C09937B00F6466F /* 火影32.png */; };
		845952471C09937B00F6466F /* 火影33.png in Resources */ = {isa = PBXBuildFile; fileRef = 845951AE1C09937B00F6466F /* 火影33.png */; };
		845952481C09937B00F6466F /* 火影34.png in Resources */ = {isa = PBXBuildFile; fileRef = 845951AF1C09937B00F6466F /* 火影34.png */; };
		845952491C09937B00F6466F /* 火影35.png in Resources */ = {isa = PBXBuildFile; fileRef = 845951B01C09937B00F6466F /* 火影35.png */; };
		8459524A1C09937B00F6466F /* 火影36.png in Resources */ = {isa = PBXBuildFile; fileRef = 845951B11C09937B00F6466F /* 火影36.png */; };
		8459524B1C09937B00F6466F /* 火影37.png in Resources */ = {isa = PBXBuildFile; fileRef = 845951B21C09937B00F6466F /* 火影37.png */; };
		8459524C1C09937B00F6466F /* 火影38.png in Resources */ = {isa = PBXBuildFile; fileRef = 845951B31C09937B00F6466F /* 火影38.png */; };
		8459524D1C09937B00F6466F /* 火影39.png in Resources */ = {isa = PBXBuildFile; fileRef = 845951B41C09937B00F6466F /* 火影39.png */; };
		8459524E1C09937B00F6466F /* 火影40.png in Resources */ = {isa = PBXBuildFile; fileRef = 845951B51C09937B00F6466F /* 火影40.png */; };
		8459524F1C09937B00F6466F /* 火影41.png in Resources */ = {isa = PBXBuildFile; fileRef = 845951B61C09937B00F6466F /* 火影41.png */; };
		845952501C09937B00F6466F /* 火影42.png in Resources */ = {isa = PBXBuildFile; fileRef = 845951B71C09937B00F6466F /* 火影42.png */; };
		845952511C09937B00F6466F /* 火影43.png in Resources */ = {isa = PBXBuildFile; fileRef = 845951B81C09937B00F6466F /* 火影43.png */; };
		845952521C09937B00F6466F /* 火影44.png in Resources */ = {isa = PBXBuildFile; fileRef = 845951B91C09937B00F6466F /* 火影44.png */; };
		845952531C09937B00F6466F /* 火影45.png in Resources */ = {isa = PBXBuildFile; fileRef = 845951BA1C09937B00F6466F /* 火影45.png */; };
		845952541C09937B00F6466F /* 火影46.png in Resources */ = {isa = PBXBuildFile; fileRef = 845951BB1C09937B00F6466F /* 火影46.png */; };
		845952551C09937B00F6466F /* 火影47.png in Resources */ = {isa = PBXBuildFile; fileRef = 845951BC1C09937B00F6466F /* 火影47.png */; };
		845952561C09937B00F6466F /* 火影48.png in Resources */ = {isa = PBXBuildFile; fileRef = 845951BD1C09937B00F6466F /* 火影48.png */; };
		845952571C09937B00F6466F /* 火影49.png in Resources */ = {isa = PBXBuildFile; fileRef = 845951BE1C09937B00F6466F /* 火影49.png */; };
		845952581C09937B00F6466F /* 火影50.png in Resources */ = {isa = PBXBuildFile; fileRef = 845951BF1C09937B00F6466F /* 火影50.png */; };
		845952591C09937B00F6466F /* 火影51.png in Resources */ = {isa = PBXBuildFile; fileRef = 845951C01C09937B00F6466F /* 火影51.png */; };
		8459525A1C09937B00F6466F /* 火影52.png in Resources */ = {isa = PBXBuildFile; fileRef = 845951C11C09937B00F6466F /* 火影52.png */; };
		8459525B1C09937B00F6466F /* 火影53.png in Resources */ = {isa = PBXBuildFile; fileRef = 845951C21C09937B00F6466F /* 火影53.png */; };
		8459525C1C09937B00F6466F /* 火影54.png in Resources */ = {isa = PBXBuildFile; fileRef = 845951C31C09937B00F6466F /* 火影54.png */; };
		8459525D1C09937B00F6466F /* 美女01.jpg in Resources */ = {isa = PBXBuildFile; fileRef = 845951C51C09937B00F6466F /* 美女01.jpg */; };
		8459525E1C09937B00F6466F /* 美女02.jpg in Resources */ = {isa = PBXBuildFile; fileRef = 845951C61C09937B00F6466F /* 美女02.jpg */; };
		8459525F1C09937B00F6466F /* 美女03.jpg in Resources */ = {isa = PBXBuildFile; fileRef = 845951C71C09937B00F6466F /* 美女03.jpg */; };
		845952601C09937B00F6466F /* 美女04.jpg in Resources */ = {isa = PBXBuildFile; fileRef = 845951C81C09937B00F6466F /* 美女04.jpg */; };
		845952611C09937B00F6466F /* 美女05.jpg in Resources */ = {isa = PBXBuildFile; fileRef = 845951C91C09937B00F6466F /* 美女05.jpg */; };
		845952621C09937B00F6466F /* 美女06.jpg in Resources */ = {isa = PBXBuildFile; fileRef = 845951CA1C09937B00F6466F /* 美女06.jpg */; };
		845952631C09937B00F6466F /* 美女07.jpg in Resources */ = {isa = PBXBuildFile; fileRef = 845951CB1C09937B00F6466F /* 美女07.jpg */; };
		845952641C09937B00F6466F /* 美女08.jpg in Resources */ = {isa = PBXBuildFile; fileRef = 845951CC1C09937B00F6466F /* 美女08.jpg */; };
		845952651C09937B00F6466F /* 美女09.jpg in Resources */ = {isa = PBXBuildFile; fileRef = 845951CD1C09937B00F6466F /* 美女09.jpg */; };
		845952661C09937B00F6466F /* 美女10.jpg in Resources */ = {isa = PBXBuildFile; fileRef = 845951CE1C09937B00F6466F /* 美女10.jpg */; };
		845952671C09937B00F6466F /* 美女11.jpg in Resources */ = {isa = PBXBuildFile; fileRef = 845951CF1C09937B00F6466F /* 美女11.jpg */; };
		845952681C09937B00F6466F /* 美女12.jpg in Resources */ = {isa = PBXBuildFile; fileRef = 845951D01C09937B00F6466F /* 美女12.jpg */; };
		845952691C09937B00F6466F /* 美女13.jpg in Resources */ = {isa = PBXBuildFile; fileRef = 845951D11C09937B00F6466F /* 美女13.jpg */; };
		8459526A1C09937B00F6466F /* 美女14.jpg in Resources */ = {isa = PBXBuildFile; fileRef = 845951D21C09937B00F6466F /* 美女14.jpg */; };
		8459526B1C09937B00F6466F /* 美女15.jpg in Resources */ = {isa = PBXBuildFile; fileRef = 845951D31C09937B00F6466F /* 美女15.jpg */; };
		8459526C1C09937B00F6466F /* 美女16.jpg in Resources */ = {isa = PBXBuildFile; fileRef = 845951D41C09937B00F6466F /* 美女16.jpg */; };
		8459526D1C09937B00F6466F /* 美女17.jpg in Resources */ = {isa = PBXBuildFile; fileRef = 845951D51C09937B00F6466F /* 美女17.jpg */; };
		8459526E1C09937B00F6466F /* 美女18.jpg in Resources */ = {isa = PBXBuildFile; fileRef = 845951D61C09937B00F6466F /* 美女18.jpg */; };
		8459526F1C09937B00F6466F /* 美女19.jpg in Resources */ = {isa = PBXBuildFile; fileRef = 845951D71C09937B00F6466F /* 美女19.jpg */; };
		845952701C09937B00F6466F /* 美女20.jpg in Resources */ = {isa = PBXBuildFile; fileRef = 845951D81C09937B00F6466F /* 美女20.jpg */; };
		845952711C09937B00F6466F /* 美女21.jpg in Resources */ = {isa = PBXBuildFile; fileRef = 845951D91C09937B00F6466F /* 美女21.jpg */; };
		845952721C09937B00F6466F /* 美女22.jpg in Resources */ = {isa = PBXBuildFile; fileRef = 845951DA1C09937B00F6466F /* 美女22.jpg */; };
		845952731C09937B00F6466F /* 美女23.jpg in Resources */ = {isa = PBXBuildFile; fileRef = 845951DB1C09937B00F6466F /* 美女23.jpg */; };
		845952741C09937B00F6466F /* 美女24.jpg in Resources */ = {isa = PBXBuildFile; fileRef = 845951DC1C09937B00F6466F /* 美女24.jpg */; };
		845952751C09937B00F6466F /* 美女25.jpg in Resources */ = {isa = PBXBuildFile; fileRef = 845951DD1C09937B00F6466F /* 美女25.jpg */; };
		84AA4F3F1C0C38220055495B /* show.png in Resources */ = {isa = PBXBuildFile; fileRef = 84AA4F3E1C0C38220055495B /* show.png */; };
		84AA4F431C0C42660055495B /* SecondViewController.m in Sources */ = {isa = PBXBuildFile; fileRef = 84AA4F411C0C42660055495B /* SecondViewController.m */; };
		84AA4F441C0C42660055495B /* SecondViewController.xib in Resources */ = {isa = PBXBuildFile; fileRef = 84AA4F421C0C42660055495B /* SecondViewController.xib */; };
		84AA4F471C0C47B40055495B /* MyHeaderFooterView.m in Sources */ = {isa = PBXBuildFile; fileRef = 84AA4F461C0C47B40055495B /* MyHeaderFooterView.m */; };
/* End PBXBuildFile section */

/* Begin PBXContainerItemProxy section */
		845951321C09934800F6466F /* PBXContainerItemProxy */ = {
			isa = PBXContainerItemProxy;
			containerPortal = 845951101C09934700F6466F /* Project object */;
			proxyType = 1;
			remoteGlobalIDString = 845951171C09934700F6466F;
			remoteInfo = UITableView_groups;
		};
/* End PBXContainerItemProxy section */

/* Begin PBXFileReference section */
		845951181C09934700F6466F /* UITableView_groups.app */ = {isa = PBXFileReference; explicitFileType = wrapper.application; includeInIndex = 0; path = UITableView_groups.app; sourceTree = BUILT_PRODUCTS_DIR; };
		8459511C1C09934800F6466F /* Info.plist */ = {isa = PBXFileReference; lastKnownFileType = text.plist.xml; path = Info.plist; sourceTree = "<group>"; };
		8459511D1C09934800F6466F /* main.m */ = {isa = PBXFileReference; lastKnownFileType = sourcecode.c.objc; path = main.m; sourceTree = "<group>"; };
		8459511F1C09934800F6466F /* AppDelegate.h */ = {isa = PBXFileReference; lastKnownFileType = sourcecode.c.h; path = AppDelegate.h; sourceTree = "<group>"; };
		845951201C09934800F6466F /* AppDelegate.m */ = {isa = PBXFileReference; lastKnownFileType = sourcecode.c.objc; path = AppDelegate.m; sourceTree = "<group>"; };
		845951221C09934800F6466F /* ViewController.h */ = {isa = PBXFileReference; lastKnownFileType = sourcecode.c.h; path = ViewController.h; sourceTree = "<group>"; };
		845951231C09934800F6466F /* ViewController.m */ = {isa = PBXFileReference; lastKnownFileType = sourcecode.c.objc; path = ViewController.m; sourceTree = "<group>"; };
		845951261C09934800F6466F /* Base */ = {isa = PBXFileReference; lastKnownFileType = file.storyboard; name = Base; path = Base.lproj/Main.storyboard; sourceTree = "<group>"; };
		845951281C09934800F6466F /* Images.xcassets */ = {isa = PBXFileReference; lastKnownFileType = folder.assetcatalog; path = Images.xcassets; sourceTree = "<group>"; };
		8459512B1C09934800F6466F /* Base */ = {isa = PBXFileReference; lastKnownFileType = file.xib; name = Base; path = Base.lproj/LaunchScreen.xib; sourceTree = "<group>"; };
		845951311C09934800F6466F /* UITableView_groupsTests.xctest */ = {isa = PBXFileReference; explicitFileType = wrapper.cfbundle; includeInIndex = 0; path = UITableView_groupsTests.xctest; sourceTree = BUILT_PRODUCTS_DIR; };
		845951361C09934800F6466F /* Info.plist */ = {isa = PBXFileReference; lastKnownFileType = text.plist.xml; path = Info.plist; sourceTree = "<group>"; };
		845951371C09934800F6466F /* UITableView_groupsTests.m */ = {isa = PBXFileReference; lastKnownFileType = sourcecode.c.objc; path = UITableView_groupsTests.m; sourceTree = "<group>"; };
		845951421C09937B00F6466F /* image_圣斗士.plist */ = {isa = PBXFileReference; fileEncoding = 4; lastKnownFileType = text.plist.xml; path = "image_圣斗士.plist"; sourceTree = "<group>"; };
		845951431C09937B00F6466F /* image_海贼.plist */ = {isa = PBXFileReference; fileEncoding = 4; lastKnownFileType = text.plist.xml; path = "image_海贼.plist"; sourceTree = "<group>"; };
		845951441C09937B00F6466F /* image_火影忍者.plist */ = {isa = PBXFileReference; fileEncoding = 4; lastKnownFileType = text.plist.xml; path = "image_火影忍者.plist"; sourceTree = "<group>"; };
		845951451C09937B00F6466F /* image_美女.plist */ = {isa = PBXFileReference; fileEncoding = 4; lastKnownFileType = text.plist.xml; path = "image_美女.plist"; sourceTree = "<group>"; };
		845951471C09937B00F6466F /* 圣斗士01.jpg */ = {isa = PBXFileReference; lastKnownFileType = image.jpeg; path = "圣斗士01.jpg"; sourceTree = "<group>"; };
		845951481C09937B00F6466F /* 圣斗士02.jpg */ = {isa = PBXFileReference; lastKnownFileType = image.jpeg; path = "圣斗士02.jpg"; sourceTree = "<group>"; };
		845951491C09937B00F6466F /* 圣斗士03.jpg */ = {isa = PBXFileReference; lastKnownFileType = image.jpeg; path = "圣斗士03.jpg"; sourceTree = "<group>"; };
		8459514A1C09937B00F6466F /* 圣斗士04.jpg */ = {isa = PBXFileReference; lastKnownFileType = image.jpeg; path = "圣斗士04.jpg"; sourceTree = "<group>"; };
		8459514B1C09937B00F6466F /* 圣斗士05.jpg */ = {isa = PBXFileReference; lastKnownFileType = image.jpeg; path = "圣斗士05.jpg"; sourceTree = "<group>"; };
		8459514C1C09937B00F6466F /* 圣斗士06.jpg */ = {isa = PBXFileReference; lastKnownFileType = image.jpeg; path = "圣斗士06.jpg"; sourceTree = "<group>"; };
		8459514D1C09937B00F6466F /* 圣斗士07.jpg */ = {isa = PBXFileReference; lastKnownFileType = image.jpeg; path = "圣斗士07.jpg"; sourceTree = "<group>"; };
		8459514E1C09937B00F6466F /* 圣斗士08.jpg */ = {isa = PBXFileReference; lastKnownFileType = image.jpeg; path = "圣斗士08.jpg"; sourceTree = "<group>"; };
		8459514F1C09937B00F6466F /* 圣斗士09.jpg */ = {isa = PBXFileReference; lastKnownFileType = image.jpeg; path = "圣斗士09.jpg"; sourceTree = "<group>"; };
		845951501C09937B00F6466F /* 圣斗士10.jpg */ = {isa = PBXFileReference; lastKnownFileType = image.jpeg; path = "圣斗士10.jpg"; sourceTree = "<group>"; };
		845951511C09937B00F6466F /* 圣斗士11.jpg */ = {isa = PBXFileReference; lastKnownFileType = image.jpeg; path = "圣斗士11.jpg"; sourceTree = "<group>"; };
		845951521C09937B00F6466F /* 圣斗士12.jpg */ = {isa = PBXFileReference; lastKnownFileType = image.jpeg; path = "圣斗士12.jpg"; sourceTree = "<group>"; };
		845951531C09937B00F6466F /* 圣斗士13.jpg */ = {isa = PBXFileReference; lastKnownFileType = image.jpeg; path = "圣斗士13.jpg"; sourceTree = "<group>"; };
		845951541C09937B00F6466F /* 圣斗士14.jpg */ = {isa = PBXFileReference; lastKnownFileType = image.jpeg; path = "圣斗士14.jpg"; sourceTree = "<group>"; };
		845951551C09937B00F6466F /* 圣斗士15.jpg */ = {isa = PBXFileReference; lastKnownFileType = image.jpeg; path = "圣斗士15.jpg"; sourceTree = "<group>"; };
		845951571C09937B00F6466F /* 海贼01.jpg */ = {isa = PBXFileReference; lastKnownFileType = image.jpeg; path = "海贼01.jpg"; sourceTree = "<group>"; };
		845951581C09937B00F6466F /* 海贼02.jpg */ = {isa = PBXFileReference; lastKnownFileType = image.jpeg; path = "海贼02.jpg"; sourceTree = "<group>"; };
		845951591C09937B00F6466F /* 海贼03.jpg */ = {isa = PBXFileReference; lastKnownFileType = image.jpeg; path = "海贼03.jpg"; sourceTree = "<group>"; };
		8459515A1C09937B00F6466F /* 海贼04.jpg */ = {isa = PBXFileReference; lastKnownFileType = image.jpeg; path = "海贼04.jpg"; sourceTree = "<group>"; };
		8459515B1C09937B00F6466F /* 海贼05.jpg */ = {isa = PBXFileReference; lastKnownFileType = image.jpeg; path = "海贼05.jpg"; sourceTree = "<group>"; };
		8459515C1C09937B00F6466F /* 海贼06.jpg */ = {isa = PBXFileReference; lastKnownFileType = image.jpeg; path = "海贼06.jpg"; sourceTree = "<group>"; };
		8459515D1C09937B00F6466F /* 海贼07.jpg */ = {isa = PBXFileReference; lastKnownFileType = image.jpeg; path = "海贼07.jpg"; sourceTree = "<group>"; };
		8459515E1C09937B00F6466F /* 海贼08.jpg */ = {isa = PBXFileReference; lastKnownFileType = image.jpeg; path = "海贼08.jpg"; sourceTree = "<group>"; };
		8459515F1C09937B00F6466F /* 海贼09.jpg */ = {isa = PBXFileReference; lastKnownFileType = image.jpeg; path = "海贼09.jpg"; sourceTree = "<group>"; };
		845951601C09937B00F6466F /* 海贼10.jpg */ = {isa = PBXFileReference; lastKnownFileType = image.jpeg; path = "海贼10.jpg"; sourceTree = "<group>"; };
		845951611C09937B00F6466F /* 海贼11.jpg */ = {isa = PBXFileReference; lastKnownFileType = image.jpeg; path = "海贼11.jpg"; sourceTree = "<group>"; };
		845951621C09937B00F6466F /* 海贼12.jpg */ = {isa = PBXFileReference; lastKnownFileType = image.jpeg; path = "海贼12.jpg"; sourceTree = "<group>"; };
		845951631C09937B00F6466F /* 海贼13.jpg */ = {isa = PBXFileReference; lastKnownFileType = image.jpeg; path = "海贼13.jpg"; sourceTree = "<group>"; };
		845951641C09937B00F6466F /* 海贼14.jpg */ = {isa = PBXFileReference; lastKnownFileType = image.jpeg; path = "海贼14.jpg"; sourceTree = "<group>"; };
		845951651C09937B00F6466F /* 海贼15.jpg */ = {isa = PBXFileReference; lastKnownFileType = image.jpeg; path = "海贼15.jpg"; sourceTree = "<group>"; };
		845951661C09937B00F6466F /* 海贼16.jpg */ = {isa = PBXFileReference; lastKnownFileType = image.jpeg; path = "海贼16.jpg"; sourceTree = "<group>"; };
		845951671C09937B00F6466F /* 海贼17.jpg */ = {isa = PBXFileReference; lastKnownFileType = image.jpeg; path = "海贼17.jpg"; sourceTree = "<group>"; };
		845951681C09937B00F6466F /* 海贼18.jpg */ = {isa = PBXFileReference; lastKnownFileType = image.jpeg; path = "海贼18.jpg"; sourceTree = "<group>"; };
		845951691C09937B00F6466F /* 海贼19.jpg */ = {isa = PBXFileReference; lastKnownFileType = image.jpeg; path = "海贼19.jpg"; sourceTree = "<group>"; };
		8459516A1C09937B00F6466F /* 海贼20.jpg */ = {isa = PBXFileReference; lastKnownFileType = image.jpeg; path = "海贼20.jpg"; sourceTree = "<group>"; };
		8459516B1C09937B00F6466F /* 海贼21.jpg */ = {isa = PBXFileReference; lastKnownFileType = image.jpeg; path = "海贼21.jpg"; sourceTree = "<group>"; };
		8459516C1C09937B00F6466F /* 海贼22.jpg */ = {isa = PBXFileReference; lastKnownFileType = image.jpeg; path = "海贼22.jpg"; sourceTree = "<group>"; };
		8459516D1C09937B00F6466F /* 海贼23.jpg */ = {isa = PBXFileReference; lastKnownFileType = image.jpeg; path = "海贼23.jpg"; sourceTree = "<group>"; };
		8459516E1C09937B00F6466F /* 海贼24.jpg */ = {isa = PBXFileReference; lastKnownFileType = image.jpeg; path = "海贼24.jpg"; sourceTree = "<group>"; };
		8459516F1C09937B00F6466F /* 海贼25.jpg */ = {isa = PBXFileReference; lastKnownFileType = image.jpeg; path = "海贼25.jpg"; sourceTree = "<group>"; };
		845951701C09937B00F6466F /* 海贼26.jpg */ = {isa = PBXFileReference; lastKnownFileType = image.jpeg; path = "海贼26.jpg"; sourceTree = "<group>"; };
		845951711C09937B00F6466F /* 海贼27.jpg */ = {isa = PBXFileReference; lastKnownFileType = image.jpeg; path = "海贼27.jpg"; sourceTree = "<group>"; };
		845951721C09937B00F6466F /* 海贼28.jpg */ = {isa = PBXFileReference; lastKnownFileType = image.jpeg; path = "海贼28.jpg"; sourceTree = "<group>"; };
		845951731C09937B00F6466F /* 海贼29.jpg */ = {isa = PBXFileReference; lastKnownFileType = image.jpeg; path = "海贼29.jpg"; sourceTree = "<group>"; };
		845951741C09937B00F6466F /* 海贼30.jpg */ = {isa = PBXFileReference; lastKnownFileType = image.jpeg; path = "海贼30.jpg"; sourceTree = "<group>"; };
		845951751C09937B00F6466F /* 海贼31.jpg */ = {isa = PBXFileReference; lastKnownFileType = image.jpeg; path = "海贼31.jpg"; sourceTree = "<group>"; };
		845951761C09937B00F6466F /* 海贼32.jpg */ = {isa = PBXFileReference; lastKnownFileType = image.jpeg; path = "海贼32.jpg"; sourceTree = "<group>"; };
		845951771C09937B00F6466F /* 海贼33.jpg */ = {isa = PBXFileReference; lastKnownFileType = image.jpeg; path = "海贼33.jpg"; sourceTree = "<group>"; };
		845951781C09937B00F6466F /* 海贼34.jpg */ = {isa = PBXFileReference; lastKnownFileType = image.jpeg; path = "海贼34.jpg"; sourceTree = "<group>"; };
		845951791C09937B00F6466F /* 海贼35.jpg */ = {isa = PBXFileReference; lastKnownFileType = image.jpeg; path = "海贼35.jpg"; sourceTree = "<group>"; };
		8459517A1C09937B00F6466F /* 海贼36.jpg */ = {isa = PBXFileReference; lastKnownFileType = image.jpeg; path = "海贼36.jpg"; sourceTree = "<group>"; };
		8459517B1C09937B00F6466F /* 海贼37.jpg */ = {isa = PBXFileReference; lastKnownFileType = image.jpeg; path = "海贼37.jpg"; sourceTree = "<group>"; };
		8459517C1C09937B00F6466F /* 海贼38.jpg */ = {isa = PBXFileReference; lastKnownFileType = image.jpeg; path = "海贼38.jpg"; sourceTree = "<group>"; };
		8459517D1C09937B00F6466F /* 海贼39.jpg */ = {isa = PBXFileReference; lastKnownFileType = image.jpeg; path = "海贼39.jpg"; sourceTree = "<group>"; };
		8459517E1C09937B00F6466F /* 海贼40.jpg */ = {isa = PBXFileReference; lastKnownFileType = image.jpeg; path = "海贼40.jpg"; sourceTree = "<group>"; };
		8459517F1C09937B00F6466F /* 海贼41.jpg */ = {isa = PBXFileReference; lastKnownFileType = image.jpeg; path = "海贼41.jpg"; sourceTree = "<group>"; };
		845951801C09937B00F6466F /* 海贼42.jpg */ = {isa = PBXFileReference; lastKnownFileType = image.jpeg; path = "海贼42.jpg"; sourceTree = "<group>"; };
		845951811C09937B00F6466F /* 海贼43.jpg */ = {isa = PBXFileReference; lastKnownFileType = image.jpeg; path = "海贼43.jpg"; sourceTree = "<group>"; };
		845951821C09937B00F6466F /* 海贼44.jpg */ = {isa = PBXFileReference; lastKnownFileType = image.jpeg; path = "海贼44.jpg"; sourceTree = "<group>"; };
		845951831C09937B00F6466F /* 海贼45.jpg */ = {isa = PBXFileReference; lastKnownFileType = image.jpeg; path = "海贼45.jpg"; sourceTree = "<group>"; };
		845951841C09937B00F6466F /* 海贼46.jpg */ = {isa = PBXFileReference; lastKnownFileType = image.jpeg; path = "海贼46.jpg"; sourceTree = "<group>"; };
		845951851C09937B00F6466F /* 海贼47.jpg */ = {isa = PBXFileReference; lastKnownFileType = image.jpeg; path = "海贼47.jpg"; sourceTree = "<group>"; };
		845951861C09937B00F6466F /* 海贼48.jpg */ = {isa = PBXFileReference; lastKnownFileType = image.jpeg; path = "海贼48.jpg"; sourceTree = "<group>"; };
		845951871C09937B00F6466F /* 海贼49.jpg */ = {isa = PBXFileReference; lastKnownFileType = image.jpeg; path = "海贼49.jpg"; sourceTree = "<group>"; };
		845951881C09937B00F6466F /* 海贼50.jpg */ = {isa = PBXFileReference; lastKnownFileType = image.jpeg; path = "海贼50.jpg"; sourceTree = "<group>"; };
		845951891C09937B00F6466F /* 海贼51.jpg */ = {isa = PBXFileReference; lastKnownFileType = image.jpeg; path = "海贼51.jpg"; sourceTree = "<group>"; };
		8459518A1C09937B00F6466F /* 海贼52.jpg */ = {isa = PBXFileReference; lastKnownFileType = image.jpeg; path = "海贼52.jpg"; sourceTree = "<group>"; };
		8459518B1C09937B00F6466F /* 海贼53.jpg */ = {isa = PBXFileReference; lastKnownFileType = image.jpeg; path = "海贼53.jpg"; sourceTree = "<group>"; };
		8459518C1C09937B00F6466F /* 海贼54.jpg */ = {isa = PBXFileReference; lastKnownFileType = image.jpeg; path = "海贼54.jpg"; sourceTree = "<group>"; };
		8459518E1C09937B00F6466F /* 火影01.png */ = {isa = PBXFileReference; lastKnownFileType = image.png; path = "火影01.png"; sourceTree = "<group>"; };
		8459518F1C09937B00F6466F /* 火影02.png */ = {isa = PBXFileReference; lastKnownFileType = image.png; path = "火影02.png"; sourceTree = "<group>"; };
		845951901C09937B00F6466F /* 火影03.png */ = {isa = PBXFileReference; lastKnownFileType = image.png; path = "火影03.png"; sourceTree = "<group>"; };
		845951911C09937B00F6466F /* 火影04.png */ = {isa = PBXFileReference; lastKnownFileType = image.png; path = "火影04.png"; sourceTree = "<group>"; };
		845951921C09937B00F6466F /* 火影05.png */ = {isa = PBXFileReference; lastKnownFileType = image.png; path = "火影05.png"; sourceTree = "<group>"; };
		845951931C09937B00F6466F /* 火影06.png */ = {isa = PBXFileReference; lastKnownFileType = image.png; path = "火影06.png"; sourceTree = "<group>"; };
		845951941C09937B00F6466F /* 火影07.png */ = {isa = PBXFileReference; lastKnownFileType = image.png; path = "火影07.png"; sourceTree = "<group>"; };
		845951951C09937B00F6466F /* 火影08.png */ = {isa = PBXFileReference; lastKnownFileType = image.png; path = "火影08.png"; sourceTree = "<group>"; };
		845951961C09937B00F6466F /* 火影09.png */ = {isa = PBXFileReference; lastKnownFileType = image.png; path = "火影09.png"; sourceTree = "<group>"; };
		845951971C09937B00F6466F /* 火影10.png */ = {isa = PBXFileReference; lastKnownFileType = image.png; path = "火影10.png"; sourceTree = "<group>"; };
		845951981C09937B00F6466F /* 火影11.png */ = {isa = PBXFileReference; lastKnownFileType = image.png; path = "火影11.png"; sourceTree = "<group>"; };
		845951991C09937B00F6466F /* 火影12.png */ = {isa = PBXFileReference; lastKnownFileType = image.png; path = "火影12.png"; sourceTree = "<group>"; };
		8459519A1C09937B00F6466F /* 火影13.png */ = {isa = PBXFileReference; lastKnownFileType = image.png; path = "火影13.png"; sourceTree = "<group>"; };
		8459519B1C09937B00F6466F /* 火影14.png */ = {isa = PBXFileReference; lastKnownFileType = image.png; path = "火影14.png"; sourceTree = "<group>"; };
		8459519C1C09937B00F6466F /* 火影15.png */ = {isa = PBXFileReference; lastKnownFileType = image.png; path = "火影15.png"; sourceTree = "<group>"; };
		8459519D1C09937B00F6466F /* 火影16.png */ = {isa = PBXFileReference; lastKnownFileType = image.png; path = "火影16.png"; sourceTree = "<group>"; };
		8459519E1C09937B00F6466F /* 火影17.png */ = {isa = PBXFileReference; lastKnownFileType = image.png; path = "火影17.png"; sourceTree = "<group>"; };
		8459519F1C09937B00F6466F /* 火影18.png */ = {isa = PBXFileReference; lastKnownFileType = image.png; path = "火影18.png"; sourceTree = "<group>"; };
		845951A01C09937B00F6466F /* 火影19.png */ = {isa = PBXFileReference; lastKnownFileType = image.png; path = "火影19.png"; sourceTree = "<group>"; };
		845951A11C09937B00F6466F /* 火影20.png */ = {isa = PBXFileReference; lastKnownFileType = image.png; path = "火影20.png"; sourceTree = "<group>"; };
		845951A21C09937B00F6466F /* 火影21.png */ = {isa = PBXFileReference; lastKnownFileType = image.png; path = "火影21.png"; sourceTree = "<group>"; };
		845951A31C09937B00F6466F /* 火影22.png */ = {isa = PBXFileReference; lastKnownFileType = image.png; path = "火影22.png"; sourceTree = "<group>"; };
		845951A41C09937B00F6466F /* 火影23.png */ = {isa = PBXFileReference; lastKnownFileType = image.png; path = "火影23.png"; sourceTree = "<group>"; };
		845951A51C09937B00F6466F /* 火影24.png */ = {isa = PBXFileReference; lastKnownFileType = image.png; path = "火影24.png"; sourceTree = "<group>"; };
		845951A61C09937B00F6466F /* 火影25.png */ = {isa = PBXFileReference; lastKnownFileType = image.png; path = "火影25.png"; sourceTree = "<group>"; };
		845951A71C09937B00F6466F /* 火影26.png */ = {isa = PBXFileReference; lastKnownFileType = image.png; path = "火影26.png"; sourceTree = "<group>"; };
		845951A81C09937B00F6466F /* 火影27.png */ = {isa = PBXFileReference; lastKnownFileType = image.png; path = "火影27.png"; sourceTree = "<group>"; };
		845951A91C09937B00F6466F /* 火影28.png */ = {isa = PBXFileReference; lastKnownFileType = image.png; path = "火影28.png"; sourceTree = "<group>"; };
		845951AA1C09937B00F6466F /* 火影29.png */ = {isa = PBXFileReference; lastKnownFileType = image.png; path = "火影29.png"; sourceTree = "<group>"; };
		845951AB1C09937B00F6466F /* 火影30.png */ = {isa = PBXFileReference; lastKnownFileType = image.png; path = "火影30.png"; sourceTree = "<group>"; };
		845951AC1C09937B00F6466F /* 火影31.png */ = {isa = PBXFileReference; lastKnownFileType = image.png; path = "火影31.png"; sourceTree = "<group>"; };
		845951AD1C09937B00F6466F /* 火影32.png */ = {isa = PBXFileReference; lastKnownFileType = image.png; path = "火影32.png"; sourceTree = "<group>"; };
		845951AE1C09937B00F6466F /* 火影33.png */ = {isa = PBXFileReference; lastKnownFileType = image.png; path = "火影33.png"; sourceTree = "<group>"; };
		845951AF1C09937B00F6466F /* 火影34.png */ = {isa = PBXFileReference; lastKnownFileType = image.png; path = "火影34.png"; sourceTree = "<group>"; };
		845951B01C09937B00F6466F /* 火影35.png */ = {isa = PBXFileReference; lastKnownFileType = image.png; path = "火影35.png"; sourceTree = "<group>"; };
		845951B11C09937B00F6466F /* 火影36.png */ = {isa = PBXFileReference; lastKnownFileType = image.png; path = "火影36.png"; sourceTree = "<group>"; };
		845951B21C09937B00F6466F /* 火影37.png */ = {isa = PBXFileReference; lastKnownFileType = image.png; path = "火影37.png"; sourceTree = "<group>"; };
		845951B31C09937B00F6466F /* 火影38.png */ = {isa = PBXFileReference; lastKnownFileType = image.png; path = "火影38.png"; sourceTree = "<group>"; };
		845951B41C09937B00F6466F /* 火影39.png */ = {isa = PBXFileReference; lastKnownFileType = image.png; path = "火影39.png"; sourceTree = "<group>"; };
		845951B51C09937B00F6466F /* 火影40.png */ = {isa = PBXFileReference; lastKnownFileType = image.png; path = "火影40.png"; sourceTree = "<group>"; };
		845951B61C09937B00F6466F /* 火影41.png */ = {isa = PBXFileReference; lastKnownFileType = image.png; path = "火影41.png"; sourceTree = "<group>"; };
		845951B71C09937B00F6466F /* 火影42.png */ = {isa = PBXFileReference; lastKnownFileType = image.png; path = "火影42.png"; sourceTree = "<group>"; };
		845951B81C09937B00F6466F /* 火影43.png */ = {isa = PBXFileReference; lastKnownFileType = image.png; path = "火影43.png"; sourceTree = "<group>"; };
		845951B91C09937B00F6466F /* 火影44.png */ = {isa = PBXFileReference; lastKnownFileType = image.png; path = "火影44.png"; sourceTree = "<group>"; };
		845951BA1C09937B00F6466F /* 火影45.png */ = {isa = PBXFileReference; lastKnownFileType = image.png; path = "火影45.png"; sourceTree = "<group>"; };
		845951BB1C09937B00F6466F /* 火影46.png */ = {isa = PBXFileReference; lastKnownFileType = image.png; path = "火影46.png"; sourceTree = "<group>"; };
		845951BC1C09937B00F6466F /* 火影47.png */ = {isa = PBXFileReference; lastKnownFileType = image.png; path = "火影47.png"; sourceTree = "<group>"; };
		845951BD1C09937B00F6466F /* 火影48.png */ = {isa = PBXFileReference; lastKnownFileType = image.png; path = "火影48.png"; sourceTree = "<group>"; };
		845951BE1C09937B00F6466F /* 火影49.png */ = {isa = PBXFileReference; lastKnownFileType = image.png; path = "火影49.png"; sourceTree = "<group>"; };
		845951BF1C09937B00F6466F /* 火影50.png */ = {isa = PBXFileReference; lastKnownFileType = image.png; path = "火影50.png"; sourceTree = "<group>"; };
		845951C01C09937B00F6466F /* 火影51.png */ = {isa = PBXFileReference; lastKnownFileType = image.png; path = "火影51.png"; sourceTree = "<group>"; };
		845951C11C09937B00F6466F /* 火影52.png */ = {isa = PBXFileReference; lastKnownFileType = image.png; path = "火影52.png"; sourceTree = "<group>"; };
		845951C21C09937B00F6466F /* 火影53.png */ = {isa = PBXFileReference; lastKnownFileType = image.png; path = "火影53.png"; sourceTree = "<group>"; };
		845951C31C09937B00F6466F /* 火影54.png */ = {isa = PBXFileReference; lastKnownFileType = image.png; path = "火影54.png"; sourceTree = "<group>"; };
		845951C51C09937B00F6466F /* 美女01.jpg */ = {isa = PBXFileReference; lastKnownFileType = image.jpeg; path = "美女01.jpg"; sourceTree = "<group>"; };
		845951C61C09937B00F6466F /* 美女02.jpg */ = {isa = PBXFileReference; lastKnownFileType = image.jpeg; path = "美女02.jpg"; sourceTree = "<group>"; };
		845951C71C09937B00F6466F /* 美女03.jpg */ = {isa = PBXFileReference; lastKnownFileType = image.jpeg; path = "美女03.jpg"; sourceTree = "<group>"; };
		845951C81C09937B00F6466F /* 美女04.jpg */ = {isa = PBXFileReference; lastKnownFileType = image.jpeg; path = "美女04.jpg"; sourceTree = "<group>"; };
		845951C91C09937B00F6466F /* 美女05.jpg */ = {isa = PBXFileReference; lastKnownFileType = image.jpeg; path = "美女05.jpg"; sourceTree = "<group>"; };
		845951CA1C09937B00F6466F /* 美女06.jpg */ = {isa = PBXFileReference; lastKnownFileType = image.jpeg; path = "美女06.jpg"; sourceTree = "<group>"; };
		845951CB1C09937B00F6466F /* 美女07.jpg */ = {isa = PBXFileReference; lastKnownFileType = image.jpeg; path = "美女07.jpg"; sourceTree = "<group>"; };
		845951CC1C09937B00F6466F /* 美女08.jpg */ = {isa = PBXFileReference; lastKnownFileType = image.jpeg; path = "美女08.jpg"; sourceTree = "<group>"; };
		845951CD1C09937B00F6466F /* 美女09.jpg */ = {isa = PBXFileReference; lastKnownFileType = image.jpeg; path = "美女09.jpg"; sourceTree = "<group>"; };
		845951CE1C09937B00F6466F /* 美女10.jpg */ = {isa = PBXFileReference; lastKnownFileType = image.jpeg; path = "美女10.jpg"; sourceTree = "<group>"; };
		845951CF1C09937B00F6466F /* 美女11.jpg */ = {isa = PBXFileReference; lastKnownFileType = image.jpeg; path = "美女11.jpg"; sourceTree = "<group>"; };
		845951D01C09937B00F6466F /* 美女12.jpg */ = {isa = PBXFileReference; lastKnownFileType = image.jpeg; path = "美女12.jpg"; sourceTree = "<group>"; };
		845951D11C09937B00F6466F /* 美女13.jpg */ = {isa = PBXFileReference; lastKnownFileType = image.jpeg; path = "美女13.jpg"; sourceTree = "<group>"; };
		845951D21C09937B00F6466F /* 美女14.jpg */ = {isa = PBXFileReference; lastKnownFileType = image.jpeg; path = "美女14.jpg"; sourceTree = "<group>"; };
		845951D31C09937B00F6466F /* 美女15.jpg */ = {isa = PBXFileReference; lastKnownFileType = image.jpeg; path = "美女15.jpg"; sourceTree = "<group>"; };
		845951D41C09937B00F6466F /* 美女16.jpg */ = {isa = PBXFileReference; lastKnownFileType = image.jpeg; path = "美女16.jpg"; sourceTree = "<group>"; };
		845951D51C09937B00F6466F /* 美女17.jpg */ = {isa = PBXFileReference; lastKnownFileType = image.jpeg; path = "美女17.jpg"; sourceTree = "<group>"; };
		845951D61C09937B00F6466F /* 美女18.jpg */ = {isa = PBXFileReference; lastKnownFileType = image.jpeg; path = "美女18.jpg"; sourceTree = "<group>"; };
		845951D71C09937B00F6466F /* 美女19.jpg */ = {isa = PBXFileReference; lastKnownFileType = image.jpeg; path = "美女19.jpg"; sourceTree = "<group>"; };
		845951D81C09937B00F6466F /* 美女20.jpg */ = {isa = PBXFileReference; lastKnownFileType = image.jpeg; path = "美女20.jpg"; sourceTree = "<group>"; };
		845951D91C09937B00F6466F /* 美女21.jpg */ = {isa = PBXFileReference; lastKnownFileType = image.jpeg; path = "美女21.jpg"; sourceTree = "<group>"; };
		845951DA1C09937B00F6466F /* 美女22.jpg */ = {isa = PBXFileReference; lastKnownFileType = image.jpeg; path = "美女22.jpg"; sourceTree = "<group>"; };
		845951DB1C09937B00F6466F /* 美女23.jpg */ = {isa = PBXFileReference; lastKnownFileType = image.jpeg; path = "美女23.jpg"; sourceTree = "<group>"; };
		845951DC1C09937B00F6466F /* 美女24.jpg */ = {isa = PBXFileReference; lastKnownFileType = image.jpeg; path = "美女24.jpg"; sourceTree = "<group>"; };
		845951DD1C09937B00F6466F /* 美女25.jpg */ = {isa = PBXFileReference; lastKnownFileType = image.jpeg; path = "美女25.jpg"; sourceTree = "<group>"; };
		84AA4F3E1C0C38220055495B /* show.png */ = {isa = PBXFileReference; lastKnownFileType = image.png; path = show.png; sourceTree = "<group>"; };
		84AA4F401C0C42660055495B /* SecondViewController.h */ = {isa = PBXFileReference; fileEncoding = 4; lastKnownFileType = sourcecode.c.h; path = SecondViewController.h; sourceTree = "<group>"; };
		84AA4F411C0C42660055495B /* SecondViewController.m */ = {isa = PBXFileReference; fileEncoding = 4; lastKnownFileType = sourcecode.c.objc; path = SecondViewController.m; sourceTree = "<group>"; };
		84AA4F421C0C42660055495B /* SecondViewController.xib */ = {isa = PBXFileReference; fileEncoding = 4; lastKnownFileType = file.xib; path = SecondViewController.xib; sourceTree = "<group>"; };
		84AA4F451C0C47B40055495B /* MyHeaderFooterView.h */ = {isa = PBXFileReference; fileEncoding = 4; lastKnownFileType = sourcecode.c.h; path = MyHeaderFooterView.h; sourceTree = "<group>"; };
		84AA4F461C0C47B40055495B /* MyHeaderFooterView.m */ = {isa = PBXFileReference; fileEncoding = 4; lastKnownFileType = sourcecode.c.objc; path = MyHeaderFooterView.m; sourceTree = "<group>"; };
/* End PBXFileReference section */

/* Begin PBXFrameworksBuildPhase section */
		845951151C09934700F6466F /* Frameworks */ = {
			isa = PBXFrameworksBuildPhase;
			buildActionMask = 2147483647;
			files = (
			);
			runOnlyForDeploymentPostprocessing = 0;
		};
		8459512E1C09934800F6466F /* Frameworks */ = {
			isa = PBXFrameworksBuildPhase;
			buildActionMask = 2147483647;
			files = (
			);
			runOnlyForDeploymentPostprocessing = 0;
		};
/* End PBXFrameworksBuildPhase section */

/* Begin PBXGroup section */
		8459510F1C09934700F6466F = {
			isa = PBXGroup;
			children = (
				84AA4F451C0C47B40055495B /* MyHeaderFooterView.h */,
				84AA4F461C0C47B40055495B /* MyHeaderFooterView.m */,
				84AA4F401C0C42660055495B /* SecondViewController.h */,
				84AA4F411C0C42660055495B /* SecondViewController.m */,
				84AA4F421C0C42660055495B /* SecondViewController.xib */,
				84AA4F3E1C0C38220055495B /* show.png */,
				8459511A1C09934800F6466F /* UITableView_groups */,
				845951341C09934800F6466F /* UITableView_groupsTests */,
				845951191C09934700F6466F /* Products */,
			);
			sourceTree = "<group>";
		};
		845951191C09934700F6466F /* Products */ = {
			isa = PBXGroup;
			children = (
				845951181C09934700F6466F /* UITableView_groups.app */,
				845951311C09934800F6466F /* UITableView_groupsTests.xctest */,
			);
			name = Products;
			sourceTree = "<group>";
		};
		8459511A1C09934800F6466F /* UITableView_groups */ = {
			isa = PBXGroup;
			children = (
				8459511F1C09934800F6466F /* AppDelegate.h */,
				845951201C09934800F6466F /* AppDelegate.m */,
				845951221C09934800F6466F /* ViewController.h */,
				845951231C09934800F6466F /* ViewController.m */,
				845951251C09934800F6466F /* Main.storyboard */,
				845951281C09934800F6466F /* Images.xcassets */,
				8459512A1C09934800F6466F /* LaunchScreen.xib */,
				8459511B1C09934800F6466F /* Supporting Files */,
				845951411C09937B00F6466F /* picture */,
			);
			path = UITableView_groups;
			sourceTree = "<group>";
		};
		8459511B1C09934800F6466F /* Supporting Files */ = {
			isa = PBXGroup;
			children = (
				8459511C1C09934800F6466F /* Info.plist */,
				8459511D1C09934800F6466F /* main.m */,
			);
			name = "Supporting Files";
			sourceTree = "<group>";
		};
		845951341C09934800F6466F /* UITableView_groupsTests */ = {
			isa = PBXGroup;
			children = (
				845951371C09934800F6466F /* UITableView_groupsTests.m */,
				845951351C09934800F6466F /* Supporting Files */,
			);
			path = UITableView_groupsTests;
			sourceTree = "<group>";
		};
		845951351C09934800F6466F /* Supporting Files */ = {
			isa = PBXGroup;
			children = (
				845951361C09934800F6466F /* Info.plist */,
			);
			name = "Supporting Files";
			sourceTree = "<group>";
		};
		845951411C09937B00F6466F /* picture */ = {
			isa = PBXGroup;
			children = (
				845951421C09937B00F6466F /* image_圣斗士.plist */,
				845951431C09937B00F6466F /* image_海贼.plist */,
				845951441C09937B00F6466F /* image_火影忍者.plist */,
				845951451C09937B00F6466F /* image_美女.plist */,
				845951461C09937B00F6466F /* 圣斗士 */,
				845951561C09937B00F6466F /* 海贼王 */,
				8459518D1C09937B00F6466F /* 火影忍者 */,
				845951C41C09937B00F6466F /* 美女 */,
			);
			name = picture;
			path = ../picture;
			sourceTree = "<group>";
		};
		845951461C09937B00F6466F /* 圣斗士 */ = {
			isa = PBXGroup;
			children = (
				845951471C09937B00F6466F /* 圣斗士01.jpg */,
				845951481C09937B00F6466F /* 圣斗士02.jpg */,
				845951491C09937B00F6466F /* 圣斗士03.jpg */,
				8459514A1C09937B00F6466F /* 圣斗士04.jpg */,
				8459514B1C09937B00F6466F /* 圣斗士05.jpg */,
				8459514C1C09937B00F6466F /* 圣斗士06.jpg */,
				8459514D1C09937B00F6466F /* 圣斗士07.jpg */,
				8459514E1C09937B00F6466F /* 圣斗士08.jpg */,
				8459514F1C09937B00F6466F /* 圣斗士09.jpg */,
				845951501C09937B00F6466F /* 圣斗士10.jpg */,
				845951511C09937B00F6466F /* 圣斗士11.jpg */,
				845951521C09937B00F6466F /* 圣斗士12.jpg */,
				845951531C09937B00F6466F /* 圣斗士13.jpg */,
				845951541C09937B00F6466F /* 圣斗士14.jpg */,
				845951551C09937B00F6466F /* 圣斗士15.jpg */,
			);
			path = "圣斗士";
			sourceTree = "<group>";
		};
		845951561C09937B00F6466F /* 海贼王 */ = {
			isa = PBXGroup;
			children = (
				845951571C09937B00F6466F /* 海贼01.jpg */,
				845951581C09937B00F6466F /* 海贼02.jpg */,
				845951591C09937B00F6466F /* 海贼03.jpg */,
				8459515A1C09937B00F6466F /* 海贼04.jpg */,
				8459515B1C09937B00F6466F /* 海贼05.jpg */,
				8459515C1C09937B00F6466F /* 海贼06.jpg */,
				8459515D1C09937B00F6466F /* 海贼07.jpg */,
				8459515E1C09937B00F6466F /* 海贼08.jpg */,
				8459515F1C09937B00F6466F /* 海贼09.jpg */,
				845951601C09937B00F6466F /* 海贼10.jpg */,
				845951611C09937B00F6466F /* 海贼11.jpg */,
				845951621C09937B00F6466F /* 海贼12.jpg */,
				845951631C09937B00F6466F /* 海贼13.jpg */,
				845951641C09937B00F6466F /* 海贼14.jpg */,
				845951651C09937B00F6466F /* 海贼15.jpg */,
				845951661C09937B00F6466F /* 海贼16.jpg */,
				845951671C09937B00F6466F /* 海贼17.jpg */,
				845951681C09937B00F6466F /* 海贼18.jpg */,
				845951691C09937B00F6466F /* 海贼19.jpg */,
				8459516A1C09937B00F6466F /* 海贼20.jpg */,
				8459516B1C09937B00F6466F /* 海贼21.jpg */,
				8459516C1C09937B00F6466F /* 海贼22.jpg */,
				8459516D1C09937B00F6466F /* 海贼23.jpg */,
				8459516E1C09937B00F6466F /* 海贼24.jpg */,
				8459516F1C09937B00F6466F /* 海贼25.jpg */,
				845951701C09937B00F6466F /* 海贼26.jpg */,
				845951711C09937B00F6466F /* 海贼27.jpg */,
				845951721C09937B00F6466F /* 海贼28.jpg */,
				845951731C09937B00F6466F /* 海贼29.jpg */,
				845951741C09937B00F6466F /* 海贼30.jpg */,
				845951751C09937B00F6466F /* 海贼31.jpg */,
				845951761C09937B00F6466F /* 海贼32.jpg */,
				845951771C09937B00F6466F /* 海贼33.jpg */,
				845951781C09937B00F6466F /* 海贼34.jpg */,
				845951791C09937B00F6466F /* 海贼35.jpg */,
				8459517A1C09937B00F6466F /* 海贼36.jpg */,
				8459517B1C09937B00F6466F /* 海贼37.jpg */,
				8459517C1C09937B00F6466F /* 海贼38.jpg */,
				8459517D1C09937B00F6466F /* 海贼39.jpg */,
				8459517E1C09937B00F6466F /* 海贼40.jpg */,
				8459517F1C09937B00F6466F /* 海贼41.jpg */,
				845951801C09937B00F6466F /* 海贼42.jpg */,
				845951811C09937B00F6466F /* 海贼43.jpg */,
				845951821C09937B00F6466F /* 海贼44.jpg */,
				845951831C09937B00F6466F /* 海贼45.jpg */,
				845951841C09937B00F6466F /* 海贼46.jpg */,
				845951851C09937B00F6466F /* 海贼47.jpg */,
				845951861C09937B00F6466F /* 海贼48.jpg */,
				845951871C09937B00F6466F /* 海贼49.jpg */,
				845951881C09937B00F6466F /* 海贼50.jpg */,
				845951891C09937B00F6466F /* 海贼51.jpg */,
				8459518A1C09937B00F6466F /* 海贼52.jpg */,
				8459518B1C09937B00F6466F /* 海贼53.jpg */,
				8459518C1C09937B00F6466F /* 海贼54.jpg */,
			);
			path = "海贼王";
			sourceTree = "<group>";
		};
		8459518D1C09937B00F6466F /* 火影忍者 */ = {
			isa = PBXGroup;
			children = (
				8459518E1C09937B00F6466F /* 火影01.png */,
				8459518F1C09937B00F6466F /* 火影02.png */,
				845951901C09937B00F6466F /* 火影03.png */,
				845951911C09937B00F6466F /* 火影04.png */,
				845951921C09937B00F6466F /* 火影05.png */,
				845951931C09937B00F6466F /* 火影06.png */,
				845951941C09937B00F6466F /* 火影07.png */,
				845951951C09937B00F6466F /* 火影08.png */,
				845951961C09937B00F6466F /* 火影09.png */,
				845951971C09937B00F6466F /* 火影10.png */,
				845951981C09937B00F6466F /* 火影11.png */,
				845951991C09937B00F6466F /* 火影12.png */,
				8459519A1C09937B00F6466F /* 火影13.png */,
				8459519B1C09937B00F6466F /* 火影14.png */,
				8459519C1C09937B00F6466F /* 火影15.png */,
				8459519D1C09937B00F6466F /* 火影16.png */,
				8459519E1C09937B00F6466F /* 火影17.png */,
				8459519F1C09937B00F6466F /* 火影18.png */,
				845951A01C09937B00F6466F /* 火影19.png */,
				845951A11C09937B00F6466F /* 火影20.png */,
				845951A21C09937B00F6466F /* 火影21.png */,
				845951A31C09937B00F6466F /* 火影22.png */,
				845951A41C09937B00F6466F /* 火影23.png */,
				845951A51C09937B00F6466F /* 火影24.png */,
				845951A61C09937B00F6466F /* 火影25.png */,
				845951A71C09937B00F6466F /* 火影26.png */,
				845951A81C09937B00F6466F /* 火影27.png */,
				845951A91C09937B00F6466F /* 火影28.png */,
				845951AA1C09937B00F6466F /* 火影29.png */,
				845951AB1C09937B00F6466F /* 火影30.png */,
				845951AC1C09937B00F6466F /* 火影31.png */,
				845951AD1C09937B00F6466F /* 火影32.png */,
				845951AE1C09937B00F6466F /* 火影33.png */,
				845951AF1C09937B00F6466F /* 火影34.png */,
				845951B01C09937B00F6466F /* 火影35.png */,
				845951B11C09937B00F6466F /* 火影36.png */,
				845951B21C09937B00F6466F /* 火影37.png */,
				845951B31C09937B00F6466F /* 火影38.png */,
				845951B41C09937B00F6466F /* 火影39.png */,
				845951B51C09937B00F6466F /* 火影40.png */,
				845951B61C09937B00F6466F /* 火影41.png */,
				845951B71C09937B00F6466F /* 火影42.png */,
				845951B81C09937B00F6466F /* 火影43.png */,
				845951B91C09937B00F6466F /* 火影44.png */,
				845951BA1C09937B00F6466F /* 火影45.png */,
				845951BB1C09937B00F6466F /* 火影46.png */,
				845951BC1C09937B00F6466F /* 火影47.png */,
				845951BD1C09937B00F6466F /* 火影48.png */,
				845951BE1C09937B00F6466F /* 火影49.png */,
				845951BF1C09937B00F6466F /* 火影50.png */,
				845951C01C09937B00F6466F /* 火影51.png */,
				845951C11C09937B00F6466F /* 火影52.png */,
				845951C21C09937B00F6466F /* 火影53.png */,
				845951C31C09937B00F6466F /* 火影54.png */,
			);
			path = "火影忍者";
			sourceTree = "<group>";
		};
		845951C41C09937B00F6466F /* 美女 */ = {
			isa = PBXGroup;
			children = (
				845951C51C09937B00F6466F /* 美女01.jpg */,
				845951C61C09937B00F6466F /* 美女02.jpg */,
				845951C71C09937B00F6466F /* 美女03.jpg */,
				845951C81C09937B00F6466F /* 美女04.jpg */,
				845951C91C09937B00F6466F /* 美女05.jpg */,
				845951CA1C09937B00F6466F /* 美女06.jpg */,
				845951CB1C09937B00F6466F /* 美女07.jpg */,
				845951CC1C09937B00F6466F /* 美女08.jpg */,
				845951CD1C09937B00F6466F /* 美女09.jpg */,
				845951CE1C09937B00F6466F /* 美女10.jpg */,
				845951CF1C09937B00F6466F /* 美女11.jpg */,
				845951D01C09937B00F6466F /* 美女12.jpg */,
				845951D11C09937B00F6466F /* 美女13.jpg */,
				845951D21C09937B00F6466F /* 美女14.jpg */,
				845951D31C09937B00F6466F /* 美女15.jpg */,
				845951D41C09937B00F6466F /* 美女16.jpg */,
				845951D51C09937B00F6466F /* 美女17.jpg */,
				845951D61C09937B00F6466F /* 美女18.jpg */,
				845951D71C09937B00F6466F /* 美女19.jpg */,
				845951D81C09937B00F6466F /* 美女20.jpg */,
				845951D91C09937B00F6466F /* 美女21.jpg */,
				845951DA1C09937B00F6466F /* 美女22.jpg */,
				845951DB1C09937B00F6466F /* 美女23.jpg */,
				845951DC1C09937B00F6466F /* 美女24.jpg */,
				845951DD1C09937B00F6466F /* 美女25.jpg */,
			);
			path = "美女";
			sourceTree = "<group>";
		};
/* End PBXGroup section */

/* Begin PBXNativeTarget section */
		845951171C09934700F6466F /* UITableView_groups */ = {
			isa = PBXNativeTarget;
			buildConfigurationList = 8459513B1C09934800F6466F /* Build configuration list for PBXNativeTarget "UITableView_groups" */;
			buildPhases = (
				845951141C09934700F6466F /* Sources */,
				845951151C09934700F6466F /* Frameworks */,
				845951161C09934700F6466F /* Resources */,
			);
			buildRules = (
			);
			dependencies = (
			);
			name = UITableView_groups;
			productName = UITableView_groups;
			productReference = 845951181C09934700F6466F /* UITableView_groups.app */;
			productType = "com.apple.product-type.application";
		};
		845951301C09934800F6466F /* UITableView_groupsTests */ = {
			isa = PBXNativeTarget;
			buildConfigurationList = 8459513E1C09934800F6466F /* Build configuration list for PBXNativeTarget "UITableView_groupsTests" */;
			buildPhases = (
				8459512D1C09934800F6466F /* Sources */,
				8459512E1C09934800F6466F /* Frameworks */,
				8459512F1C09934800F6466F /* Resources */,
			);
			buildRules = (
			);
			dependencies = (
				845951331C09934800F6466F /* PBXTargetDependency */,
			);
			name = UITableView_groupsTests;
			productName = UITableView_groupsTests;
			productReference = 845951311C09934800F6466F /* UITableView_groupsTests.xctest */;
			productType = "com.apple.product-type.bundle.unit-test";
		};
/* End PBXNativeTarget section */

/* Begin PBXProject section */
		845951101C09934700F6466F /* Project object */ = {
			isa = PBXProject;
			attributes = {
				LastUpgradeCheck = 0610;
				ORGANIZATIONNAME = "夏婷";
				TargetAttributes = {
					845951171C09934700F6466F = {
						CreatedOnToolsVersion = 6.1;
					};
					845951301C09934800F6466F = {
						CreatedOnToolsVersion = 6.1;
						TestTargetID = 845951171C09934700F6466F;
					};
				};
			};
			buildConfigurationList = 845951131C09934700F6466F /* Build configuration list for PBXProject "UITableView_groups" */;
			compatibilityVersion = "Xcode 3.2";
			developmentRegion = English;
			hasScannedForEncodings = 0;
			knownRegions = (
				en,
				Base,
			);
			mainGroup = 8459510F1C09934700F6466F;
			productRefGroup = 845951191C09934700F6466F /* Products */;
			projectDirPath = "";
			projectRoot = "";
			targets = (
				845951171C09934700F6466F /* UITableView_groups */,
				845951301C09934800F6466F /* UITableView_groupsTests */,
			);
		};
/* End PBXProject section */

/* Begin PBXResourcesBuildPhase section */
		845951161C09934700F6466F /* Resources */ = {
			isa = PBXResourcesBuildPhase;
			buildActionMask = 2147483647;
			files = (
				8459524A1C09937B00F6466F /* 火影36.png in Resources */,
				845952091C09937B00F6466F /* 海贼25.jpg in Resources */,
				8459521F1C09937B00F6466F /* 海贼47.jpg in Resources */,
				845952561C09937B00F6466F /* 火影48.png in Resources */,
				845952641C09937B00F6466F /* 美女08.jpg in Resources */,
				845952121C09937B00F6466F /* 海贼34.jpg in Resources */,
				845952171C09937B00F6466F /* 海贼39.jpg in Resources */,
				845952101C09937B00F6466F /* 海贼32.jpg in Resources */,
				845952351C09937B00F6466F /* 火影15.png in Resources */,
				845952361C09937B00F6466F /* 火影16.png in Resources */,
				845952671C09937B00F6466F /* 美女11.jpg in Resources */,
				845952281C09937B00F6466F /* 火影02.png in Resources */,
				845952461C09937B00F6466F /* 火影32.png in Resources */,
				845952731C09937B00F6466F /* 美女23.jpg in Resources */,
				84AA4F441C0C42660055495B /* SecondViewController.xib in Resources */,
				8459526A1C09937B00F6466F /* 美女14.jpg in Resources */,
				845951E41C09937B00F6466F /* 圣斗士03.jpg in Resources */,
				845952541C09937B00F6466F /* 火影46.png in Resources */,
				8459524B1C09937B00F6466F /* 火影37.png in Resources */,
				8459523F1C09937B00F6466F /* 火影25.png in Resources */,
				845951F51C09937B00F6466F /* 海贼05.jpg in Resources */,
				845952341C09937B00F6466F /* 火影14.png in Resources */,
				845951F01C09937B00F6466F /* 圣斗士15.jpg in Resources */,
				8459525C1C09937B00F6466F /* 火影54.png in Resources */,
				845952021C09937B00F6466F /* 海贼18.jpg in Resources */,
				845952441C09937B00F6466F /* 火影30.png in Resources */,
				8459525D1C09937B00F6466F /* 美女01.jpg in Resources */,
				8459523C1C09937B00F6466F /* 火影22.png in Resources */,
				845952491C09937B00F6466F /* 火影35.png in Resources */,
				8459521E1C09937B00F6466F /* 海贼46.jpg in Resources */,
				8459522E1C09937B00F6466F /* 火影08.png in Resources */,
				845951E11C09937B00F6466F /* image_美女.plist in Resources */,
				845952521C09937B00F6466F /* 火影44.png in Resources */,
				8459526C1C09937B00F6466F /* 美女16.jpg in Resources */,
				845951FB1C09937B00F6466F /* 海贼11.jpg in Resources */,
				8459521C1C09937B00F6466F /* 海贼44.jpg in Resources */,
				845952391C09937B00F6466F /* 火影19.png in Resources */,
				845952111C09937B00F6466F /* 海贼33.jpg in Resources */,
				845952081C09937B00F6466F /* 海贼24.jpg in Resources */,
				845952061C09937B00F6466F /* 海贼22.jpg in Resources */,
				8459525E1C09937B00F6466F /* 美女02.jpg in Resources */,
				8459522F1C09937B00F6466F /* 火影09.png in Resources */,
				845951E01C09937B00F6466F /* image_火影忍者.plist in Resources */,
				845952161C09937B00F6466F /* 海贼38.jpg in Resources */,
				845952131C09937B00F6466F /* 海贼35.jpg in Resources */,
				8459521A1C09937B00F6466F /* 海贼42.jpg in Resources */,
				845952031C09937B00F6466F /* 海贼19.jpg in Resources */,
				8459524E1C09937B00F6466F /* 火影40.png in Resources */,
				8459526D1C09937B00F6466F /* 美女17.jpg in Resources */,
				845952241C09937B00F6466F /* 海贼52.jpg in Resources */,
				845951F21C09937B00F6466F /* 海贼02.jpg in Resources */,
				845952591C09937B00F6466F /* 火影51.png in Resources */,
				8459525F1C09937B00F6466F /* 美女03.jpg in Resources */,
				845952331C09937B00F6466F /* 火影13.png in Resources */,
				8459522D1C09937B00F6466F /* 火影07.png in Resources */,
				845951DE1C09937B00F6466F /* image_圣斗士.plist in Resources */,
				845952581C09937B00F6466F /* 火影50.png in Resources */,
				845952371C09937B00F6466F /* 火影17.png in Resources */,
				845951FF1C09937B00F6466F /* 海贼15.jpg in Resources */,
				845951271C09934800F6466F /* Main.storyboard in Resources */,
				8459524F1C09937B00F6466F /* 火影41.png in Resources */,
				845952011C09937B00F6466F /* 海贼17.jpg in Resources */,
				8459521B1C09937B00F6466F /* 海贼43.jpg in Resources */,
				845951EE1C09937B00F6466F /* 圣斗士13.jpg in Resources */,
				845952141C09937B00F6466F /* 海贼36.jpg in Resources */,
				845951F31C09937B00F6466F /* 海贼03.jpg in Resources */,
				845952681C09937B00F6466F /* 美女12.jpg in Resources */,
				845951E31C09937B00F6466F /* 圣斗士02.jpg in Resources */,
				845952001C09937B00F6466F /* 海贼16.jpg in Resources */,
				845951FA1C09937B00F6466F /* 海贼10.jpg in Resources */,
				8459520B1C09937B00F6466F /* 海贼27.jpg in Resources */,
				845951FD1C09937B00F6466F /* 海贼13.jpg in Resources */,
				845951F71C09937B00F6466F /* 海贼07.jpg in Resources */,
				845951F41C09937B00F6466F /* 海贼04.jpg in Resources */,
				8459525A1C09937B00F6466F /* 火影52.png in Resources */,
				845951F61C09937B00F6466F /* 海贼06.jpg in Resources */,
				8459526F1C09937B00F6466F /* 美女19.jpg in Resources */,
				8459524C1C09937B00F6466F /* 火影38.png in Resources */,
				845952701C09937B00F6466F /* 美女20.jpg in Resources */,
				845952651C09937B00F6466F /* 美女09.jpg in Resources */,
				845952271C09937B00F6466F /* 火影01.png in Resources */,
				845952631C09937B00F6466F /* 美女07.jpg in Resources */,
				845952551C09937B00F6466F /* 火影47.png in Resources */,
				845952741C09937B00F6466F /* 美女24.jpg in Resources */,
				845951EA1C09937B00F6466F /* 圣斗士09.jpg in Resources */,
				845952601C09937B00F6466F /* 美女04.jpg in Resources */,
				8459526E1C09937B00F6466F /* 美女18.jpg in Resources */,
				8459520F1C09937B00F6466F /* 海贼31.jpg in Resources */,
				8459522A1C09937B00F6466F /* 火影04.png in Resources */,
				8459512C1C09934800F6466F /* LaunchScreen.xib in Resources */,
				845952611C09937B00F6466F /* 美女05.jpg in Resources */,
				845952291C09937B00F6466F /* 火影03.png in Resources */,
				845952661C09937B00F6466F /* 美女10.jpg in Resources */,
				845952421C09937B00F6466F /* 火影28.png in Resources */,
				8459526B1C09937B00F6466F /* 美女15.jpg in Resources */,
				845951FE1C09937B00F6466F /* 海贼14.jpg in Resources */,
				845952191C09937B00F6466F /* 海贼41.jpg in Resources */,
				845951E71C09937B00F6466F /* 圣斗士06.jpg in Resources */,
				845952181C09937B00F6466F /* 海贼40.jpg in Resources */,
				845952211C09937B00F6466F /* 海贼49.jpg in Resources */,
				845951F11C09937B00F6466F /* 海贼01.jpg in Resources */,
				845952151C09937B00F6466F /* 海贼37.jpg in Resources */,
				845952071C09937B00F6466F /* 海贼23.jpg in Resources */,
				845952711C09937B00F6466F /* 美女21.jpg in Resources */,
				845952401C09937B00F6466F /* 火影26.png in Resources */,
				845951291C09934800F6466F /* Images.xcassets in Resources */,
				845952261C09937B00F6466F /* 海贼54.jpg in Resources */,
				845952041C09937B00F6466F /* 海贼20.jpg in Resources */,
				845952511C09937B00F6466F /* 火影43.png in Resources */,
				845951E51C09937B00F6466F /* 圣斗士04.jpg in Resources */,
				845952381C09937B00F6466F /* 火影18.png in Resources */,
				8459520A1C09937B00F6466F /* 海贼26.jpg in Resources */,
				845951E91C09937B00F6466F /* 圣斗士08.jpg in Resources */,
				845951EF1C09937B00F6466F /* 圣斗士14.jpg in Resources */,
				845952221C09937B00F6466F /* 海贼50.jpg in Resources */,
				845952481C09937B00F6466F /* 火影34.png in Resources */,
				8459523E1C09937B00F6466F /* 火影24.png in Resources */,
				84AA4F3F1C0C38220055495B /* show.png in Resources */,
				845952471C09937B00F6466F /* 火影33.png in Resources */,
				8459522B1C09937B00F6466F /* 火影05.png in Resources */,
				845952621C09937B00F6466F /* 美女06.jpg in Resources */,
				8459521D1C09937B00F6466F /* 海贼45.jpg in Resources */,
				845952531C09937B00F6466F /* 火影45.png in Resources */,
				845952251C09937B00F6466F /* 海贼53.jpg in Resources */,
				845951E81C09937B00F6466F /* 圣斗士07.jpg in Resources */,
				845951ED1C09937B00F6466F /* 圣斗士12.jpg in Resources */,
				845951EC1C09937B00F6466F /* 圣斗士11.jpg in Resources */,
				845952431C09937B00F6466F /* 火影29.png in Resources */,
				845952751C09937B00F6466F /* 美女25.jpg in Resources */,
				845952201C09937B00F6466F /* 海贼48.jpg in Resources */,
				8459524D1C09937B00F6466F /* 火影39.png in Resources */,
				845951F91C09937B00F6466F /* 海贼09.jpg in Resources */,
				845951E21C09937B00F6466F /* 圣斗士01.jpg in Resources */,
				845952321C09937B00F6466F /* 火影12.png in Resources */,
				845951E61C09937B00F6466F /* 圣斗士05.jpg in Resources */,
				845951EB1C09937B00F6466F /* 圣斗士10.jpg in Resources */,
				8459525B1C09937B00F6466F /* 火影53.png in Resources */,
				845951FC1C09937B00F6466F /* 海贼12.jpg in Resources */,
				8459520D1C09937B00F6466F /* 海贼29.jpg in Resources */,
				845951F81C09937B00F6466F /* 海贼08.jpg in Resources */,
				845951DF1C09937B00F6466F /* image_海贼.plist in Resources */,
				8459520E1C09937B00F6466F /* 海贼30.jpg in Resources */,
				8459523A1C09937B00F6466F /* 火影20.png in Resources */,
				845952571C09937B00F6466F /* 火影49.png in Resources */,
				8459520C1C09937B00F6466F /* 海贼28.jpg in Resources */,
				845952721C09937B00F6466F /* 美女22.jpg in Resources */,
				845952301C09937B00F6466F /* 火影10.png in Resources */,
				845952451C09937B00F6466F /* 火影31.png in Resources */,
				845952311C09937B00F6466F /* 火影11.png in Resources */,
				845952691C09937B00F6466F /* 美女13.jpg in Resources */,
				8459522C1C09937B00F6466F /* 火影06.png in Resources */,
				845952051C09937B00F6466F /* 海贼21.jpg in Resources */,
				845952501C09937B00F6466F /* 火影42.png in Resources */,
				845952411C09937B00F6466F /* 火影27.png in Resources */,
				845952231C09937B00F6466F /* 海贼51.jpg in Resources */,
				8459523B1C09937B00F6466F /* 火影21.png in Resources */,
				8459523D1C09937B00F6466F /* 火影23.png in Resources */,
			);
			runOnlyForDeploymentPostprocessing = 0;
		};
		8459512F1C09934800F6466F /* Resources */ = {
			isa = PBXResourcesBuildPhase;
			buildActionMask = 2147483647;
			files = (
			);
			runOnlyForDeploymentPostprocessing = 0;
		};
/* End PBXResourcesBuildPhase section */

/* Begin PBXSourcesBuildPhase section */
		845951141C09934700F6466F /* Sources */ = {
			isa = PBXSourcesBuildPhase;
			buildActionMask = 2147483647;
			files = (
				84AA4F431C0C42660055495B /* SecondViewController.m in Sources */,
				845951241C09934800F6466F /* ViewController.m in Sources */,
				845951211C09934800F6466F /* AppDelegate.m in Sources */,
				8459511E1C09934800F6466F /* main.m in Sources */,
				84AA4F471C0C47B40055495B /* MyHeaderFooterView.m in Sources */,
			);
			runOnlyForDeploymentPostprocessing = 0;
		};
		8459512D1C09934800F6466F /* Sources */ = {
			isa = PBXSourcesBuildPhase;
			buildActionMask = 2147483647;
			files = (
				845951381C09934800F6466F /* UITableView_groupsTests.m in Sources */,
			);
			runOnlyForDeploymentPostprocessing = 0;
		};
/* End PBXSourcesBuildPhase section */

/* Begin PBXTargetDependency section */
		845951331C09934800F6466F /* PBXTargetDependency */ = {
			isa = PBXTargetDependency;
			target = 845951171C09934700F6466F /* UITableView_groups */;
			targetProxy = 845951321C09934800F6466F /* PBXContainerItemProxy */;
		};
/* End PBXTargetDependency section */

/* Begin PBXVariantGroup section */
		845951251C09934800F6466F /* Main.storyboard */ = {
			isa = PBXVariantGroup;
			children = (
				845951261C09934800F6466F /* Base */,
			);
			name = Main.storyboard;
			sourceTree = "<group>";
		};
		8459512A1C09934800F6466F /* LaunchScreen.xib */ = {
			isa = PBXVariantGroup;
			children = (
				8459512B1C09934800F6466F /* Base */,
			);
			name = LaunchScreen.xib;
			sourceTree = "<group>";
		};
/* End PBXVariantGroup section */

/* Begin XCBuildConfiguration section */
		845951391C09934800F6466F /* Debug */ = {
			isa = XCBuildConfiguration;
			buildSettings = {
				ALWAYS_SEARCH_USER_PATHS = NO;
				CLANG_CXX_LANGUAGE_STANDARD = "gnu++0x";
				CLANG_CXX_LIBRARY = "libc++";
				CLANG_ENABLE_MODULES = YES;
				CLANG_ENABLE_OBJC_ARC = YES;
				CLANG_WARN_BOOL_CONVERSION = YES;
				CLANG_WARN_CONSTANT_CONVERSION = YES;
				CLANG_WARN_DIRECT_OBJC_ISA_USAGE = YES_ERROR;
				CLANG_WARN_EMPTY_BODY = YES;
				CLANG_WARN_ENUM_CONVERSION = YES;
				CLANG_WARN_INT_CONVERSION = YES;
				CLANG_WARN_OBJC_ROOT_CLASS = YES_ERROR;
				CLANG_WARN_UNREACHABLE_CODE = YES;
				CLANG_WARN__DUPLICATE_METHOD_MATCH = YES;
				"CODE_SIGN_IDENTITY[sdk=iphoneos*]" = "iPhone Developer";
				COPY_PHASE_STRIP = NO;
				ENABLE_STRICT_OBJC_MSGSEND = YES;
				GCC_C_LANGUAGE_STANDARD = gnu99;
				GCC_DYNAMIC_NO_PIC = NO;
				GCC_OPTIMIZATION_LEVEL = 0;
				GCC_PREPROCESSOR_DEFINITIONS = (
					"DEBUG=1",
					"$(inherited)",
				);
				GCC_SYMBOLS_PRIVATE_EXTERN = NO;
				GCC_WARN_64_TO_32_BIT_CONVERSION = YES;
				GCC_WARN_ABOUT_RETURN_TYPE = YES_ERROR;
				GCC_WARN_UNDECLARED_SELECTOR = YES;
				GCC_WARN_UNINITIALIZED_AUTOS = YES_AGGRESSIVE;
				GCC_WARN_UNUSED_FUNCTION = YES;
				GCC_WARN_UNUSED_VARIABLE = YES;
				IPHONEOS_DEPLOYMENT_TARGET = 8.1;
				MTL_ENABLE_DEBUG_INFO = YES;
				ONLY_ACTIVE_ARCH = YES;
				SDKROOT = iphoneos;
			};
			name = Debug;
		};
		8459513A1C09934800F6466F /* Release */ = {
			isa = XCBuildConfiguration;
			buildSettings = {
				ALWAYS_SEARCH_USER_PATHS = NO;
				CLANG_CXX_LANGUAGE_STANDARD = "gnu++0x";
				CLANG_CXX_LIBRARY = "libc++";
				CLANG_ENABLE_MODULES = YES;
				CLANG_ENABLE_OBJC_ARC = YES;
				CLANG_WARN_BOOL_CONVERSION = YES;
				CLANG_WARN_CONSTANT_CONVERSION = YES;
				CLANG_WARN_DIRECT_OBJC_ISA_USAGE = YES_ERROR;
				CLANG_WARN_EMPTY_BODY = YES;
				CLANG_WARN_ENUM_CONVERSION = YES;
				CLANG_WARN_INT_CONVERSION = YES;
				CLANG_WARN_OBJC_ROOT_CLASS = YES_ERROR;
				CLANG_WARN_UNREACHABLE_CODE = YES;
				CLANG_WARN__DUPLICATE_METHOD_MATCH = YES;
				"CODE_SIGN_IDENTITY[sdk=iphoneos*]" = "iPhone Developer";
				COPY_PHASE_STRIP = YES;
				ENABLE_NS_ASSERTIONS = NO;
				ENABLE_STRICT_OBJC_MSGSEND = YES;
				GCC_C_LANGUAGE_STANDARD = gnu99;
				GCC_WARN_64_TO_32_BIT_CONVERSION = YES;
				GCC_WARN_ABOUT_RETURN_TYPE = YES_ERROR;
				GCC_WARN_UNDECLARED_SELECTOR = YES;
				GCC_WARN_UNINITIALIZED_AUTOS = YES_AGGRESSIVE;
				GCC_WARN_UNUSED_FUNCTION = YES;
				GCC_WARN_UNUSED_VARIABLE = YES;
				IPHONEOS_DEPLOYMENT_TARGET = 8.1;
				MTL_ENABLE_DEBUG_INFO = NO;
				SDKROOT = iphoneos;
				VALIDATE_PRODUCT = YES;
			};
			name = Release;
		};
		8459513C1C09934800F6466F /* Debug */ = {
			isa = XCBuildConfiguration;
			buildSettings = {
				ASSETCATALOG_COMPILER_APPICON_NAME = AppIcon;
				INFOPLIST_FILE = UITableView_groups/Info.plist;
				LD_RUNPATH_SEARCH_PATHS = "$(inherited) @executable_path/Frameworks";
				PRODUCT_NAME = "$(TARGET_NAME)";
			};
			name = Debug;
		};
		8459513D1C09934800F6466F /* Release */ = {
			isa = XCBuildConfiguration;
			buildSettings = {
				ASSETCATALOG_COMPILER_APPICON_NAME = AppIcon;
				INFOPLIST_FILE = UITableView_groups/Info.plist;
				LD_RUNPATH_SEARCH_PATHS = "$(inherited) @executable_path/Frameworks";
				PRODUCT_NAME = "$(TARGET_NAME)";
			};
			name = Release;
		};
		8459513F1C09934800F6466F /* Debug */ = {
			isa = XCBuildConfiguration;
			buildSettings = {
				BUNDLE_LOADER = "$(TEST_HOST)";
				FRAMEWORK_SEARCH_PATHS = (
					"$(SDKROOT)/Developer/Library/Frameworks",
					"$(inherited)",
				);
				GCC_PREPROCESSOR_DEFINITIONS = (
					"DEBUG=1",
					"$(inherited)",
				);
				INFOPLIST_FILE = UITableView_groupsTests/Info.plist;
				LD_RUNPATH_SEARCH_PATHS = "$(inherited) @executable_path/Frameworks @loader_path/Frameworks";
				PRODUCT_NAME = "$(TARGET_NAME)";
				TEST_HOST = "$(BUILT_PRODUCTS_DIR)/UITableView_groups.app/UITableView_groups";
			};
			name = Debug;
		};
		845951401C09934800F6466F /* Release */ = {
			isa = XCBuildConfiguration;
			buildSettings = {
				BUNDLE_LOADER = "$(TEST_HOST)";
				FRAMEWORK_SEARCH_PATHS = (
					"$(SDKROOT)/Developer/Library/Frameworks",
					"$(inherited)",
				);
				INFOPLIST_FILE = UITableView_groupsTests/Info.plist;
				LD_RUNPATH_SEARCH_PATHS = "$(inherited) @executable_path/Frameworks @loader_path/Frameworks";
				PRODUCT_NAME = "$(TARGET_NAME)";
				TEST_HOST = "$(BUILT_PRODUCTS_DIR)/UITableView_groups.app/UITableView_groups";
			};
			name = Release;
		};
/* End XCBuildConfiguration section */

/* Begin XCConfigurationList section */
		845951131C09934700F6466F /* Build configuration list for PBXProject "UITableView_groups" */ = {
			isa = XCConfigurationList;
			buildConfigurations = (
				845951391C09934800F6466F /* Debug */,
				8459513A1C09934800F6466F /* Release */,
			);
			defaultConfigurationIsVisible = 0;
			defaultConfigurationName = Release;
		};
		8459513B1C09934800F6466F /* Build configuration list for PBXNativeTarget "UITableView_groups" */ = {
			isa = XCConfigurationList;
			buildConfigurations = (
				8459513C1C09934800F6466F /* Debug */,
				8459513D1C09934800F6466F /* Release */,
			);
			defaultConfigurationIsVisible = 0;
			defaultConfigurationName = Release;
		};
		8459513E1C09934800F6466F /* Build configuration list for PBXNativeTarget "UITableView_groupsTests" */ = {
			isa = XCConfigurationList;
			buildConfigurations = (
				8459513F1C09934800F6466F /* Debug */,
				845951401C09934800F6466F /* Release */,
			);
			defaultConfigurationIsVisible = 0;
			defaultConfigurationName = Release;
		};
/* End XCConfigurationList section */
	};
	rootObject = 845951101C09934700F6466F /* Project object */;
}
